// !$*UTF8*$!
{
	archiveVersion = 1;
	classes = {
	};
	objectVersion = 46;
	objects = {

/* Begin PBXBuildFile section */
		67029C2819CE0A21001C425F /* SideMenuController.swift in Sources */ = {isa = PBXBuildFile; fileRef = 67029C2719CE0A21001C425F /* SideMenuController.swift */; };
		67029C2C19CE1059001C425F /* CategoryMenu.swift in Sources */ = {isa = PBXBuildFile; fileRef = 67029C2B19CE1059001C425F /* CategoryMenu.swift */; };
		67029C2E19CE2243001C425F /* CategoryCell.swift in Sources */ = {isa = PBXBuildFile; fileRef = 67029C2D19CE2243001C425F /* CategoryCell.swift */; };
		67040C2419D59E9700798A17 /* page1_center_I.png in Resources */ = {isa = PBXBuildFile; fileRef = 67040C1C19D59E9700798A17 /* page1_center_I.png */; };
		67040C2619D59E9700798A17 /* page2_center_I.png in Resources */ = {isa = PBXBuildFile; fileRef = 67040C1E19D59E9700798A17 /* page2_center_I.png */; };
		67040C2819D59E9700798A17 /* page3_center_I.png in Resources */ = {isa = PBXBuildFile; fileRef = 67040C2019D59E9700798A17 /* page3_center_I.png */; };
		67040C2A19D59E9700798A17 /* page4_center_I.png in Resources */ = {isa = PBXBuildFile; fileRef = 67040C2219D59E9700798A17 /* page4_center_I.png */; };
		67073D6A19EF5F2100CB5FCF /* userbg.jpg in Resources */ = {isa = PBXBuildFile; fileRef = 67073D6919EF5F2100CB5FCF /* userbg.jpg */; };
		671127CA19DC0ADE00292F02 /* sence_bsjl.jpg in Resources */ = {isa = PBXBuildFile; fileRef = 671127C019DC0ADE00292F02 /* sence_bsjl.jpg */; };
		671127CB19DC0ADE00292F02 /* sence_djzd.jpg in Resources */ = {isa = PBXBuildFile; fileRef = 671127C119DC0ADE00292F02 /* sence_djzd.jpg */; };
		671127CC19DC0ADE00292F02 /* sence_hfmy.jpg in Resources */ = {isa = PBXBuildFile; fileRef = 671127C219DC0ADE00292F02 /* sence_hfmy.jpg */; };
		671127CD19DC0ADE00292F02 /* sence_jfty.jpg in Resources */ = {isa = PBXBuildFile; fileRef = 671127C319DC0ADE00292F02 /* sence_jfty.jpg */; };
		671127CE19DC0ADE00292F02 /* sence_ns.jpg in Resources */ = {isa = PBXBuildFile; fileRef = 671127C419DC0ADE00292F02 /* sence_ns.jpg */; };
		671127CF19DC0ADE00292F02 /* sence_qbbz.jpg in Resources */ = {isa = PBXBuildFile; fileRef = 671127C519DC0ADE00292F02 /* sence_qbbz.jpg */; };
		671127D019DC0ADE00292F02 /* sence_scxl.jpg in Resources */ = {isa = PBXBuildFile; fileRef = 671127C619DC0ADE00292F02 /* sence_scxl.jpg */; };
		671127D119DC0ADE00292F02 /* sence_tmwx.jpg in Resources */ = {isa = PBXBuildFile; fileRef = 671127C719DC0ADE00292F02 /* sence_tmwx.jpg */; };
		671127D219DC0ADE00292F02 /* sence_tzrm.jpg in Resources */ = {isa = PBXBuildFile; fileRef = 671127C819DC0ADE00292F02 /* sence_tzrm.jpg */; };
		671127D319DC0ADE00292F02 /* sence_wsns.jpg in Resources */ = {isa = PBXBuildFile; fileRef = 671127C919DC0ADE00292F02 /* sence_wsns.jpg */; };
		671127D619DC439E00292F02 /* Ingridient.swift in Sources */ = {isa = PBXBuildFile; fileRef = 671127D519DC439E00292F02 /* Ingridient.swift */; };
		671127D819DC439F00292F02 /* Unit.swift in Sources */ = {isa = PBXBuildFile; fileRef = 671127D719DC439F00292F02 /* Unit.swift */; };
		671127DC19DC439F00292F02 /* Nutrients.swift in Sources */ = {isa = PBXBuildFile; fileRef = 671127DB19DC439F00292F02 /* Nutrients.swift */; };
		671127DE19DC439F00292F02 /* Container.swift in Sources */ = {isa = PBXBuildFile; fileRef = 671127DD19DC439F00292F02 /* Container.swift */; };
		671127E219DC439F00292F02 /* Category.swift in Sources */ = {isa = PBXBuildFile; fileRef = 671127E119DC439F00292F02 /* Category.swift */; };
		671127E419DC439F00292F02 /* Actions.swift in Sources */ = {isa = PBXBuildFile; fileRef = 671127E319DC439F00292F02 /* Actions.swift */; };
		671127E619DC439F00292F02 /* History.swift in Sources */ = {isa = PBXBuildFile; fileRef = 671127E519DC439F00292F02 /* History.swift */; };
		671127E819DC439F00292F02 /* RecipeIngrdient.swift in Sources */ = {isa = PBXBuildFile; fileRef = 671127E719DC439F00292F02 /* RecipeIngrdient.swift */; };
		671127EA19DC439F00292F02 /* NutrientEntity.swift in Sources */ = {isa = PBXBuildFile; fileRef = 671127E919DC439F00292F02 /* NutrientEntity.swift */; };
		671127ED19DC448500292F02 /* ManagedObjectContext.swift in Sources */ = {isa = PBXBuildFile; fileRef = 671127EC19DC448500292F02 /* ManagedObjectContext.swift */; };
		671127F119DC44A600292F02 /* smartmixer.xcdatamodeld in Sources */ = {isa = PBXBuildFile; fileRef = 671127EE19DC44A600292F02 /* smartmixer.xcdatamodeld */; };
		671127F319DC4C9900292F02 /* cocktailpro.sqlite in Resources */ = {isa = PBXBuildFile; fileRef = 671127F219DC4C9900292F02 /* cocktailpro.sqlite */; };
		671127F719DC588E00292F02 /* ContainerDetail.swift in Sources */ = {isa = PBXBuildFile; fileRef = 671127F619DC588E00292F02 /* ContainerDetail.swift */; };
		672FC06F19E4E18200F503DD /* HomeDirectionSync.swift in Sources */ = {isa = PBXBuildFile; fileRef = 672FC06E19E4E18200F503DD /* HomeDirectionSync.swift */; };
		6736580C19ECCDB200199581 /* RecipeDetailPad.swift in Sources */ = {isa = PBXBuildFile; fileRef = 6736580A19ECCDB200199581 /* RecipeDetailPad.swift */; };
		6736580D19ECCDB200199581 /* Recipes_ipad.storyboard in Resources */ = {isa = PBXBuildFile; fileRef = 6736580B19ECCDB200199581 /* Recipes_ipad.storyboard */; };
		6736580F19ECD2DB00199581 /* Home_ipad.storyboard in Resources */ = {isa = PBXBuildFile; fileRef = 6736580E19ECD2DB00199581 /* Home_ipad.storyboard */; };
		6736581119ECD30D00199581 /* Device_ipad.storyboard in Resources */ = {isa = PBXBuildFile; fileRef = 6736581019ECD30D00199581 /* Device_ipad.storyboard */; };
		6736581319ECD35600199581 /* Ingredients_ipad.storyboard in Resources */ = {isa = PBXBuildFile; fileRef = 6736581219ECD35600199581 /* Ingredients_ipad.storyboard */; };
		6736581519ECD44700199581 /* UserCenter_ipad.storyboard in Resources */ = {isa = PBXBuildFile; fileRef = 6736581419ECD44700199581 /* UserCenter_ipad.storyboard */; };
		67400E9819BFE78200F800B9 /* extension.swift in Sources */ = {isa = PBXBuildFile; fileRef = 67400E2519BFE78200F800B9 /* extension.swift */; };
		67400E9919BFE78200F800B9 /* FilletButton.swift in Sources */ = {isa = PBXBuildFile; fileRef = 67400E2619BFE78200F800B9 /* FilletButton.swift */; };
		67400E9A19BFE78200F800B9 /* PopupView.swift in Sources */ = {isa = PBXBuildFile; fileRef = 67400E2719BFE78200F800B9 /* PopupView.swift */; };
		67400E9B19BFE78200F800B9 /* RadiusImage.swift in Sources */ = {isa = PBXBuildFile; fileRef = 67400E2819BFE78200F800B9 /* RadiusImage.swift */; };
		67400E9C19BFE78200F800B9 /* RadiusView.swift in Sources */ = {isa = PBXBuildFile; fileRef = 67400E2919BFE78200F800B9 /* RadiusView.swift */; };
		67400E9D19BFE78200F800B9 /* Stars.swift in Sources */ = {isa = PBXBuildFile; fileRef = 67400E2A19BFE78200F800B9 /* Stars.swift */; };
		67400EAD19BFE78200F800B9 /* ConnectDevice.swift in Sources */ = {isa = PBXBuildFile; fileRef = 67400E3D19BFE78200F800B9 /* ConnectDevice.swift */; };
		67400EAE19BFE78200F800B9 /* Device.storyboard in Resources */ = {isa = PBXBuildFile; fileRef = 67400E3E19BFE78200F800B9 /* Device.storyboard */; };
		67400EAF19BFE78200F800B9 /* Device.swift in Sources */ = {isa = PBXBuildFile; fileRef = 67400E3F19BFE78200F800B9 /* Device.swift */; };
		67400EB319BFE78200F800B9 /* WeightView.swift in Sources */ = {isa = PBXBuildFile; fileRef = 67400E4519BFE78200F800B9 /* WeightView.swift */; };
		67400EB519BFE78200F800B9 /* IngredientCategory.swift in Sources */ = {isa = PBXBuildFile; fileRef = 67400E4819BFE78200F800B9 /* IngredientCategory.swift */; };
		67400EB619BFE78200F800B9 /* IngredientCollection.swift in Sources */ = {isa = PBXBuildFile; fileRef = 67400E4919BFE78200F800B9 /* IngredientCollection.swift */; };
		67400EB819BFE78200F800B9 /* IngredientDetail.swift in Sources */ = {isa = PBXBuildFile; fileRef = 67400E4B19BFE78200F800B9 /* IngredientDetail.swift */; };
		67400EB919BFE78200F800B9 /* Ingredients.storyboard in Resources */ = {isa = PBXBuildFile; fileRef = 67400E4C19BFE78200F800B9 /* Ingredients.storyboard */; };
		67400EBA19BFE78200F800B9 /* Ingredients.swift in Sources */ = {isa = PBXBuildFile; fileRef = 67400E4D19BFE78200F800B9 /* Ingredients.swift */; };
		67400EBC19BFE78200F800B9 /* IngredientThumb.swift in Sources */ = {isa = PBXBuildFile; fileRef = 67400E4F19BFE78200F800B9 /* IngredientThumb.swift */; };
		67400EC819BFE78200F800B9 /* Recipes.storyboard in Resources */ = {isa = PBXBuildFile; fileRef = 67400E5D19BFE78200F800B9 /* Recipes.storyboard */; };
		67400EC919BFE78200F800B9 /* Recipes.swift in Sources */ = {isa = PBXBuildFile; fileRef = 67400E5E19BFE78200F800B9 /* Recipes.swift */; };
		67400ECB19BFE78200F800B9 /* RecipesCollection.swift in Sources */ = {isa = PBXBuildFile; fileRef = 67400E6019BFE78200F800B9 /* RecipesCollection.swift */; };
		67400ECC19BFE78200F800B9 /* RecipesSearch.swift in Sources */ = {isa = PBXBuildFile; fileRef = 67400E6119BFE78200F800B9 /* RecipesSearch.swift */; };
		67400ECD19BFE78200F800B9 /* RecipeThumbail.swift in Sources */ = {isa = PBXBuildFile; fileRef = 67400E6219BFE78200F800B9 /* RecipeThumbail.swift */; };
		67400ECE19BFE78200F800B9 /* ball.png in Resources */ = {isa = PBXBuildFile; fileRef = 67400E6419BFE78200F800B9 /* ball.png */; };
		67400ECF19BFE78200F800B9 /* Bluetooth.png in Resources */ = {isa = PBXBuildFile; fileRef = 67400E6519BFE78200F800B9 /* Bluetooth.png */; };
		67400ED119BFE78200F800B9 /* container_no.png in Resources */ = {isa = PBXBuildFile; fileRef = 67400E6719BFE78200F800B9 /* container_no.png */; };
		67400ED219BFE78200F800B9 /* container_on.png in Resources */ = {isa = PBXBuildFile; fileRef = 67400E6819BFE78200F800B9 /* container_on.png */; };
		67400ED319BFE78200F800B9 /* defaultuse.jpg in Resources */ = {isa = PBXBuildFile; fileRef = 67400E6919BFE78200F800B9 /* defaultuse.jpg */; };
		67400ED419BFE78200F800B9 /* deviceimg.png in Resources */ = {isa = PBXBuildFile; fileRef = 67400E6A19BFE78200F800B9 /* deviceimg.png */; };
		67400ED519BFE78200F800B9 /* Coquette Regular.ttf in Resources */ = {isa = PBXBuildFile; fileRef = 67400E6C19BFE78200F800B9 /* Coquette Regular.ttf */; };
		67400ED619BFE78200F800B9 /* Stroke-Bold.otf in Resources */ = {isa = PBXBuildFile; fileRef = 67400E6D19BFE78200F800B9 /* Stroke-Bold.otf */; };
		67400ED819BFE78200F800B9 /* ingridient_no.png in Resources */ = {isa = PBXBuildFile; fileRef = 67400E7019BFE78200F800B9 /* ingridient_no.png */; };
		67400ED919BFE78200F800B9 /* ingridient_on.png in Resources */ = {isa = PBXBuildFile; fileRef = 67400E7119BFE78200F800B9 /* ingridient_on.png */; };
		67400EDA19BFE78200F800B9 /* momo.png in Resources */ = {isa = PBXBuildFile; fileRef = 67400E7319BFE78200F800B9 /* momo.png */; };
		67400EDB19BFE78200F800B9 /* taobao.png in Resources */ = {isa = PBXBuildFile; fileRef = 67400E7419BFE78200F800B9 /* taobao.png */; };
		67400EDC19BFE78200F800B9 /* weibo.png in Resources */ = {isa = PBXBuildFile; fileRef = 67400E7519BFE78200F800B9 /* weibo.png */; };
		67400EDD19BFE78200F800B9 /* weidian.png in Resources */ = {isa = PBXBuildFile; fileRef = 67400E7619BFE78200F800B9 /* weidian.png */; };
		67400EDE19BFE78200F800B9 /* weixin.png in Resources */ = {isa = PBXBuildFile; fileRef = 67400E7719BFE78200F800B9 /* weixin.png */; };
		67400EDF19BFE78200F800B9 /* plus.png in Resources */ = {isa = PBXBuildFile; fileRef = 67400E7819BFE78200F800B9 /* plus.png */; };
		67400EE019BFE78200F800B9 /* power.png in Resources */ = {isa = PBXBuildFile; fileRef = 67400E7919BFE78200F800B9 /* power.png */; };
		67400EE219BFE78200F800B9 /* recipe_no.png in Resources */ = {isa = PBXBuildFile; fileRef = 67400E7C19BFE78200F800B9 /* recipe_no.png */; };
		67400EE319BFE78200F800B9 /* recipe_on.png in Resources */ = {isa = PBXBuildFile; fileRef = 67400E7D19BFE78200F800B9 /* recipe_on.png */; };
		67400EE919BFE78200F800B9 /* star.png in Resources */ = {isa = PBXBuildFile; fileRef = 67400E8419BFE78200F800B9 /* star.png */; };
		67400EEA19BFE78200F800B9 /* star_on.png in Resources */ = {isa = PBXBuildFile; fileRef = 67400E8519BFE78200F800B9 /* star_on.png */; };
		67400EEB19BFE78200F800B9 /* user_no.png in Resources */ = {isa = PBXBuildFile; fileRef = 67400E8619BFE78200F800B9 /* user_no.png */; };
		67400EEC19BFE78200F800B9 /* user_on.png in Resources */ = {isa = PBXBuildFile; fileRef = 67400E8719BFE78200F800B9 /* user_on.png */; };
		67400EEE19BFE78200F800B9 /* weightpanel.png in Resources */ = {isa = PBXBuildFile; fileRef = 67400E8919BFE78200F800B9 /* weightpanel.png */; };
		67400EF519BFE78200F800B9 /* AboutDetail.swift in Sources */ = {isa = PBXBuildFile; fileRef = 67400E9219BFE78200F800B9 /* AboutDetail.swift */; };
		67400EF719BFE78200F800B9 /* AboutViewPhone.swift in Sources */ = {isa = PBXBuildFile; fileRef = 67400E9419BFE78200F800B9 /* AboutViewPhone.swift */; };
		67400EF819BFE78200F800B9 /* UserCenter.storyboard in Resources */ = {isa = PBXBuildFile; fileRef = 67400E9519BFE78200F800B9 /* UserCenter.storyboard */; };
		67400EFD19BFEBAA00F800B9 /* CoreData.framework in Frameworks */ = {isa = PBXBuildFile; fileRef = 67400EFC19BFEBAA00F800B9 /* CoreData.framework */; };
		674BC4F619EE618500D1DA82 /* sence_music.jpg in Resources */ = {isa = PBXBuildFile; fileRef = 674BC4F419EE618500D1DA82 /* sence_music.jpg */; };
		674BC4F719EE618500D1DA82 /* sence_mybar.jpg in Resources */ = {isa = PBXBuildFile; fileRef = 674BC4F519EE618500D1DA82 /* sence_mybar.jpg */; };
		6755A12619E921D4000AC8EF /* AppDelegate.swift in Sources */ = {isa = PBXBuildFile; fileRef = 6755A11B19E921D4000AC8EF /* AppDelegate.swift */; };
		6755A12719E921D4000AC8EF /* Baike.swift in Sources */ = {isa = PBXBuildFile; fileRef = 6755A11C19E921D4000AC8EF /* Baike.swift */; };
		6755A12919E921D4000AC8EF /* Launch.storyboard in Resources */ = {isa = PBXBuildFile; fileRef = 6755A11E19E921D4000AC8EF /* Launch.storyboard */; };
		6755A12A19E921D4000AC8EF /* Main.storyboard in Resources */ = {isa = PBXBuildFile; fileRef = 6755A11F19E921D4000AC8EF /* Main.storyboard */; };
		6755A12B19E921D4000AC8EF /* RootViewController.swift in Sources */ = {isa = PBXBuildFile; fileRef = 6755A12019E921D4000AC8EF /* RootViewController.swift */; };
		6755A12C19E921D4000AC8EF /* smartmixer.entitlements in Resources */ = {isa = PBXBuildFile; fileRef = 6755A12119E921D4000AC8EF /* smartmixer.entitlements */; };
		6755A12F19E921D4000AC8EF /* TabBarController.swift in Sources */ = {isa = PBXBuildFile; fileRef = 6755A12419E921D4000AC8EF /* TabBarController.swift */; };
		6755A13019E921D4000AC8EF /* Welcome.swift in Sources */ = {isa = PBXBuildFile; fileRef = 6755A12519E921D4000AC8EF /* Welcome.swift */; };
		675F86D019CF241B0056F234 /* SegmentCell.swift in Sources */ = {isa = PBXBuildFile; fileRef = 675F86CF19CF241B0056F234 /* SegmentCell.swift */; };
		675F86D219CF25010056F234 /* RecipeIngridients.swift in Sources */ = {isa = PBXBuildFile; fileRef = 675F86D119CF25010056F234 /* RecipeIngridients.swift */; };
		67763C7419C5FCF500391E2E /* RecipeDetailPhone.swift in Sources */ = {isa = PBXBuildFile; fileRef = 67763C7319C5FCF500391E2E /* RecipeDetailPhone.swift */; };
		6778EAD419C5E7290065D606 /* Heartno.png in Resources */ = {isa = PBXBuildFile; fileRef = 6778EAD219C5E7290065D606 /* Heartno.png */; };
		6778EAD519C5E7290065D606 /* Heartyes.png in Resources */ = {isa = PBXBuildFile; fileRef = 6778EAD319C5E7290065D606 /* Heartyes.png */; };
		67857AB719F0D09D00E1B9B5 /* page5_bg.jpg in Resources */ = {isa = PBXBuildFile; fileRef = 67857AB419F0D09D00E1B9B5 /* page5_bg.jpg */; };
		67857AB819F0D09D00E1B9B5 /* page5_center_I.png in Resources */ = {isa = PBXBuildFile; fileRef = 67857AB519F0D09D00E1B9B5 /* page5_center_I.png */; };
		67857AB919F0D09D00E1B9B5 /* page5_center.png in Resources */ = {isa = PBXBuildFile; fileRef = 67857AB619F0D09D00E1B9B5 /* page5_center.png */; };
		678743DD19D86CA600EA6195 /* user_bg.jpg in Resources */ = {isa = PBXBuildFile; fileRef = 678743DC19D86CA600EA6195 /* user_bg.jpg */; };
		678743DF19D86F4900EA6195 /* UserHome.swift in Sources */ = {isa = PBXBuildFile; fileRef = 678743DE19D86F4900EA6195 /* UserHome.swift */; };
		678743E119D8723300EA6195 /* delete.png in Resources */ = {isa = PBXBuildFile; fileRef = 678743E019D8723300EA6195 /* delete.png */; };
		678743E319D876AB00EA6195 /* shop.png in Resources */ = {isa = PBXBuildFile; fileRef = 678743E219D876AB00EA6195 /* shop.png */; };
		678743E519D8782E00EA6195 /* settings.png in Resources */ = {isa = PBXBuildFile; fileRef = 678743E419D8782E00EA6195 /* settings.png */; };
		678947B219D9B313005ECD34 /* Home.storyboard in Resources */ = {isa = PBXBuildFile; fileRef = 678947B119D9B313005ECD34 /* Home.storyboard */; };
		678947B419D9B9ED005ECD34 /* Home.swift in Sources */ = {isa = PBXBuildFile; fileRef = 678947B319D9B9ED005ECD34 /* Home.swift */; };
		678947B619D9C058005ECD34 /* HomeDirections.json in Resources */ = {isa = PBXBuildFile; fileRef = 678947B519D9BBB6005ECD34 /* HomeDirections.json */; };
		678A54D119C290C000AEE586 /* NumPickPanel.swift in Sources */ = {isa = PBXBuildFile; fileRef = 678A54D019C290C000AEE586 /* NumPickPanel.swift */; };
		678D912F19DBDFBF0026A810 /* Common.storyboard in Resources */ = {isa = PBXBuildFile; fileRef = 678D912E19DBDFBF0026A810 /* Common.storyboard */; };
		678D913119DBE0400026A810 /* WebView.swift in Sources */ = {isa = PBXBuildFile; fileRef = 678D913019DBE0400026A810 /* WebView.swift */; };
		6798538D19EE45DA008F187A /* AboutViewPad.swift in Sources */ = {isa = PBXBuildFile; fileRef = 6798538C19EE45DA008F187A /* AboutViewPad.swift */; };
		67A3230719DB333B0051E101 /* sep_button.png in Resources */ = {isa = PBXBuildFile; fileRef = 67A3230619DB333B0051E101 /* sep_button.png */; };
		67A5DBBC19E3F06B00E77C2C /* coverd.png in Resources */ = {isa = PBXBuildFile; fileRef = 67A5DBBB19E3F06B00E77C2C /* coverd.png */; };
		67A5DBBE19E3F40500E77C2C /* calorie.png in Resources */ = {isa = PBXBuildFile; fileRef = 67A5DBBD19E3F40500E77C2C /* calorie.png */; };
		67A5DBC019E3F4DF00E77C2C /* cook.png in Resources */ = {isa = PBXBuildFile; fileRef = 67A5DBBF19E3F4DF00E77C2C /* cook.png */; };
		67A5DBC219E3F59500E77C2C /* alcohol.png in Resources */ = {isa = PBXBuildFile; fileRef = 67A5DBC119E3F59500E77C2C /* alcohol.png */; };
		67B5A88B19EB740400167462 /* HTTPRequestSerializer.swift in Sources */ = {isa = PBXBuildFile; fileRef = 67B5A88719EB740400167462 /* HTTPRequestSerializer.swift */; };
		67B5A88C19EB740400167462 /* HTTPResponseSerializer.swift in Sources */ = {isa = PBXBuildFile; fileRef = 67B5A88819EB740400167462 /* HTTPResponseSerializer.swift */; };
		67B5A88D19EB740400167462 /* HTTPTask.swift in Sources */ = {isa = PBXBuildFile; fileRef = 67B5A88919EB740400167462 /* HTTPTask.swift */; };
		67B5A88E19EB740400167462 /* HTTPUpload.swift in Sources */ = {isa = PBXBuildFile; fileRef = 67B5A88A19EB740400167462 /* HTTPUpload.swift */; };
		67B5A89D19EB749300167462 /* ioapi.c in Sources */ = {isa = PBXBuildFile; fileRef = 67B5A89519EB749300167462 /* ioapi.c */; };
		67B5A89E19EB749300167462 /* mztools.c in Sources */ = {isa = PBXBuildFile; fileRef = 67B5A89719EB749300167462 /* mztools.c */; };
		67B5A89F19EB749300167462 /* unzip.c in Sources */ = {isa = PBXBuildFile; fileRef = 67B5A89919EB749300167462 /* unzip.c */; };
		67B5A8A019EB749300167462 /* zip.c in Sources */ = {isa = PBXBuildFile; fileRef = 67B5A89B19EB749300167462 /* zip.c */; };
		67B5A8A219EB74DC00167462 /* libz.dylib in Frameworks */ = {isa = PBXBuildFile; fileRef = 67B5A8A119EB74DC00167462 /* libz.dylib */; };
		67B5A8A419EB75EA00167462 /* ZipArchive.m in Sources */ = {isa = PBXBuildFile; fileRef = 67B5A8A319EB75EA00167462 /* ZipArchive.m */; };
		67C5967C19EE997400EC43FE /* MyImagePicker.swift in Sources */ = {isa = PBXBuildFile; fileRef = 67C5967B19EE997400EC43FE /* MyImagePicker.swift */; };
		67C5967E19EEAE5700EC43FE /* more-info.png in Resources */ = {isa = PBXBuildFile; fileRef = 67C5967D19EEAE5700EC43FE /* more-info.png */; };
		67C5968019EEC00B00EC43FE /* WelcomePlus.swift in Sources */ = {isa = PBXBuildFile; fileRef = 67C5967F19EEC00B00EC43FE /* WelcomePlus.swift */; };
		67CB375519CFF5730099830D /* step_chill.jpg in Resources */ = {isa = PBXBuildFile; fileRef = 67CB374819CFF5730099830D /* step_chill.jpg */; };
		67CB375619CFF5730099830D /* step_double strain.jpg in Resources */ = {isa = PBXBuildFile; fileRef = 67CB374919CFF5730099830D /* step_double strain.jpg */; };
		67CB375719CFF5730099830D /* step_drizzle.jpg in Resources */ = {isa = PBXBuildFile; fileRef = 67CB374A19CFF5730099830D /* step_drizzle.jpg */; };
		67CB375819CFF5730099830D /* step_drop.jpg in Resources */ = {isa = PBXBuildFile; fileRef = 67CB374B19CFF5730099830D /* step_drop.jpg */; };
		67CB375919CFF5730099830D /* step_float.jpg in Resources */ = {isa = PBXBuildFile; fileRef = 67CB374C19CFF5730099830D /* step_float.jpg */; };
		67CB375A19CFF5730099830D /* step_ignite.jpg in Resources */ = {isa = PBXBuildFile; fileRef = 67CB374D19CFF5730099830D /* step_ignite.jpg */; };
		67CB375B19CFF5730099830D /* step_layer.jpg in Resources */ = {isa = PBXBuildFile; fileRef = 67CB374E19CFF5730099830D /* step_layer.jpg */; };
		67CB375C19CFF5730099830D /* step_ok.jpg in Resources */ = {isa = PBXBuildFile; fileRef = 67CB374F19CFF5730099830D /* step_ok.jpg */; };
		67CB375D19CFF5730099830D /* step_rim.jpg in Resources */ = {isa = PBXBuildFile; fileRef = 67CB375019CFF5730099830D /* step_rim.jpg */; };
		67CB375E19CFF5730099830D /* step_shake.jpg in Resources */ = {isa = PBXBuildFile; fileRef = 67CB375119CFF5730099830D /* step_shake.jpg */; };
		67CB375F19CFF5730099830D /* step_strain.jpg in Resources */ = {isa = PBXBuildFile; fileRef = 67CB375219CFF5730099830D /* step_strain.jpg */; };
		67CB376019CFF5730099830D /* step_whip.jpg in Resources */ = {isa = PBXBuildFile; fileRef = 67CB375319CFF5730099830D /* step_whip.jpg */; };
		67CB376119CFF5730099830D /* step_stir.jpg in Resources */ = {isa = PBXBuildFile; fileRef = 67CB375419CFF5730099830D /* step_stir.jpg */; };
		67CB376319CFFF4F0099830D /* stopwatch.png in Resources */ = {isa = PBXBuildFile; fileRef = 67CB376219CFFF4F0099830D /* stopwatch.png */; };
		67CE107319BFE6C400434A8D /* Images.xcassets in Resources */ = {isa = PBXBuildFile; fileRef = 67CE107219BFE6C400434A8D /* Images.xcassets */; };
		67CE108219BFE6C400434A8D /* smartmixerTests.swift in Sources */ = {isa = PBXBuildFile; fileRef = 67CE108119BFE6C400434A8D /* smartmixerTests.swift */; };
		67D4507619E16CD9002DC427 /* HistoryCell.swift in Sources */ = {isa = PBXBuildFile; fileRef = 67D4507519E16CD9002DC427 /* HistoryCell.swift */; };
		67D4507819E1AEB9002DC427 /* DataDAO.swift in Sources */ = {isa = PBXBuildFile; fileRef = 67D4507719E1AEB9002DC427 /* DataDAO.swift */; };
		67DB255619EC254200A5AD3D /* Main_ipad.storyboard in Resources */ = {isa = PBXBuildFile; fileRef = 67DB255519EC254200A5AD3D /* Main_ipad.storyboard */; };
		67DB255F19EC2F0000A5AD3D /* page1_center.png in Resources */ = {isa = PBXBuildFile; fileRef = 67DB255719EC2F0000A5AD3D /* page1_center.png */; };
		67DB256119EC2F0000A5AD3D /* page2_center.png in Resources */ = {isa = PBXBuildFile; fileRef = 67DB255919EC2F0000A5AD3D /* page2_center.png */; };
		67DB256319EC2F0000A5AD3D /* page3_center.png in Resources */ = {isa = PBXBuildFile; fileRef = 67DB255B19EC2F0000A5AD3D /* page3_center.png */; };
		67DB256519EC2F0000A5AD3D /* page4_center.png in Resources */ = {isa = PBXBuildFile; fileRef = 67DB255D19EC2F0000A5AD3D /* page4_center.png */; };
		67DB256819EC2F0D00A5AD3D /* Launch_ipad.storyboard in Resources */ = {isa = PBXBuildFile; fileRef = 67DB256719EC2F0D00A5AD3D /* Launch_ipad.storyboard */; };
		67DB257519EC301D00A5AD3D /* Common_ipad.storyboard in Resources */ = {isa = PBXBuildFile; fileRef = 67DB257319EC301D00A5AD3D /* Common_ipad.storyboard */; };
		67DB257619EC301D00A5AD3D /* NumPickPad.swift in Sources */ = {isa = PBXBuildFile; fileRef = 67DB257419EC301D00A5AD3D /* NumPickPad.swift */; };
		67E8EC8A19D53D9000B2EB75 /* step_put.jpg in Resources */ = {isa = PBXBuildFile; fileRef = 67E8EC8919D53D9000B2EB75 /* step_put.jpg */; };
		67EF987419D276780097CF80 /* page1_bg.jpg in Resources */ = {isa = PBXBuildFile; fileRef = 67EF987019D276780097CF80 /* page1_bg.jpg */; };
		67EF987519D276780097CF80 /* page2_bg.jpg in Resources */ = {isa = PBXBuildFile; fileRef = 67EF987119D276780097CF80 /* page2_bg.jpg */; };
		67EF987619D276780097CF80 /* page3_bg.jpg in Resources */ = {isa = PBXBuildFile; fileRef = 67EF987219D276780097CF80 /* page3_bg.jpg */; };
		67EF987719D276780097CF80 /* page4_bg.jpg in Resources */ = {isa = PBXBuildFile; fileRef = 67EF987319D276780097CF80 /* page4_bg.jpg */; };
		67FBFA8019DE6D7100A1F5D0 /* Recipe.swift in Sources */ = {isa = PBXBuildFile; fileRef = 67FBFA7F19DE6D7100A1F5D0 /* Recipe.swift */; };
		67FBFA8219DE6D7200A1F5D0 /* RecipeStep.swift in Sources */ = {isa = PBXBuildFile; fileRef = 67FBFA8119DE6D7200A1F5D0 /* RecipeStep.swift */; };
		67FBFA8419DE72D800A1F5D0 /* time-thumb.png in Resources */ = {isa = PBXBuildFile; fileRef = 67FBFA8319DE72D800A1F5D0 /* time-thumb.png */; };
/* End PBXBuildFile section */

/* Begin PBXContainerItemProxy section */
		67CE107C19BFE6C400434A8D /* PBXContainerItemProxy */ = {
			isa = PBXContainerItemProxy;
			containerPortal = 67CE105C19BFE6C400434A8D /* Project object */;
			proxyType = 1;
			remoteGlobalIDString = 67CE106319BFE6C400434A8D;
			remoteInfo = smartmixer;
		};
/* End PBXContainerItemProxy section */

/* Begin PBXFileReference section */
		67029C2719CE0A21001C425F /* SideMenuController.swift */ = {isa = PBXFileReference; fileEncoding = 4; lastKnownFileType = sourcecode.swift; path = SideMenuController.swift; sourceTree = "<group>"; };
		67029C2B19CE1059001C425F /* CategoryMenu.swift */ = {isa = PBXFileReference; fileEncoding = 4; lastKnownFileType = sourcecode.swift; path = CategoryMenu.swift; sourceTree = "<group>"; };
		67029C2D19CE2243001C425F /* CategoryCell.swift */ = {isa = PBXFileReference; fileEncoding = 4; lastKnownFileType = sourcecode.swift; path = CategoryCell.swift; sourceTree = "<group>"; };
		67040C1C19D59E9700798A17 /* page1_center_I.png */ = {isa = PBXFileReference; lastKnownFileType = image.png; name = page1_center_I.png; path = welcome/page1_center_I.png; sourceTree = "<group>"; };
		67040C1E19D59E9700798A17 /* page2_center_I.png */ = {isa = PBXFileReference; lastKnownFileType = image.png; name = page2_center_I.png; path = welcome/page2_center_I.png; sourceTree = "<group>"; };
		67040C2019D59E9700798A17 /* page3_center_I.png */ = {isa = PBXFileReference; lastKnownFileType = image.png; name = page3_center_I.png; path = welcome/page3_center_I.png; sourceTree = "<group>"; };
		67040C2219D59E9700798A17 /* page4_center_I.png */ = {isa = PBXFileReference; lastKnownFileType = image.png; name = page4_center_I.png; path = welcome/page4_center_I.png; sourceTree = "<group>"; };
		67073D6919EF5F2100CB5FCF /* userbg.jpg */ = {isa = PBXFileReference; lastKnownFileType = image.jpeg; path = userbg.jpg; sourceTree = "<group>"; };
		671127C019DC0ADE00292F02 /* sence_bsjl.jpg */ = {isa = PBXFileReference; lastKnownFileType = image.jpeg; name = sence_bsjl.jpg; path = sence/sence_bsjl.jpg; sourceTree = "<group>"; };
		671127C119DC0ADE00292F02 /* sence_djzd.jpg */ = {isa = PBXFileReference; lastKnownFileType = image.jpeg; name = sence_djzd.jpg; path = sence/sence_djzd.jpg; sourceTree = "<group>"; };
		671127C219DC0ADE00292F02 /* sence_hfmy.jpg */ = {isa = PBXFileReference; lastKnownFileType = image.jpeg; name = sence_hfmy.jpg; path = sence/sence_hfmy.jpg; sourceTree = "<group>"; };
		671127C319DC0ADE00292F02 /* sence_jfty.jpg */ = {isa = PBXFileReference; lastKnownFileType = image.jpeg; name = sence_jfty.jpg; path = sence/sence_jfty.jpg; sourceTree = "<group>"; };
		671127C419DC0ADE00292F02 /* sence_ns.jpg */ = {isa = PBXFileReference; lastKnownFileType = image.jpeg; name = sence_ns.jpg; path = sence/sence_ns.jpg; sourceTree = "<group>"; };
		671127C519DC0ADE00292F02 /* sence_qbbz.jpg */ = {isa = PBXFileReference; lastKnownFileType = image.jpeg; name = sence_qbbz.jpg; path = sence/sence_qbbz.jpg; sourceTree = "<group>"; };
		671127C619DC0ADE00292F02 /* sence_scxl.jpg */ = {isa = PBXFileReference; lastKnownFileType = image.jpeg; name = sence_scxl.jpg; path = sence/sence_scxl.jpg; sourceTree = "<group>"; };
		671127C719DC0ADE00292F02 /* sence_tmwx.jpg */ = {isa = PBXFileReference; lastKnownFileType = image.jpeg; name = sence_tmwx.jpg; path = sence/sence_tmwx.jpg; sourceTree = "<group>"; };
		671127C819DC0ADE00292F02 /* sence_tzrm.jpg */ = {isa = PBXFileReference; lastKnownFileType = image.jpeg; name = sence_tzrm.jpg; path = sence/sence_tzrm.jpg; sourceTree = "<group>"; };
		671127C919DC0ADE00292F02 /* sence_wsns.jpg */ = {isa = PBXFileReference; lastKnownFileType = image.jpeg; name = sence_wsns.jpg; path = sence/sence_wsns.jpg; sourceTree = "<group>"; };
		671127D519DC439E00292F02 /* Ingridient.swift */ = {isa = PBXFileReference; fileEncoding = 4; lastKnownFileType = sourcecode.swift; name = Ingridient.swift; path = DataCore/Model/Ingridient.swift; sourceTree = "<group>"; };
		671127D719DC439F00292F02 /* Unit.swift */ = {isa = PBXFileReference; fileEncoding = 4; lastKnownFileType = sourcecode.swift; name = Unit.swift; path = DataCore/Model/Unit.swift; sourceTree = "<group>"; };
		671127DB19DC439F00292F02 /* Nutrients.swift */ = {isa = PBXFileReference; fileEncoding = 4; lastKnownFileType = sourcecode.swift; name = Nutrients.swift; path = DataCore/Model/Nutrients.swift; sourceTree = "<group>"; };
		671127DD19DC439F00292F02 /* Container.swift */ = {isa = PBXFileReference; fileEncoding = 4; lastKnownFileType = sourcecode.swift; name = Container.swift; path = DataCore/Model/Container.swift; sourceTree = "<group>"; };
		671127E119DC439F00292F02 /* Category.swift */ = {isa = PBXFileReference; fileEncoding = 4; lastKnownFileType = sourcecode.swift; name = Category.swift; path = DataCore/Model/Category.swift; sourceTree = "<group>"; };
		671127E319DC439F00292F02 /* Actions.swift */ = {isa = PBXFileReference; fileEncoding = 4; lastKnownFileType = sourcecode.swift; name = Actions.swift; path = DataCore/Model/Actions.swift; sourceTree = "<group>"; };
		671127E519DC439F00292F02 /* History.swift */ = {isa = PBXFileReference; fileEncoding = 4; lastKnownFileType = sourcecode.swift; name = History.swift; path = DataCore/Model/History.swift; sourceTree = "<group>"; };
		671127E719DC439F00292F02 /* RecipeIngrdient.swift */ = {isa = PBXFileReference; fileEncoding = 4; lastKnownFileType = sourcecode.swift; name = RecipeIngrdient.swift; path = DataCore/Model/RecipeIngrdient.swift; sourceTree = "<group>"; };
		671127E919DC439F00292F02 /* NutrientEntity.swift */ = {isa = PBXFileReference; fileEncoding = 4; lastKnownFileType = sourcecode.swift; name = NutrientEntity.swift; path = DataCore/Model/NutrientEntity.swift; sourceTree = "<group>"; };
		671127EC19DC448500292F02 /* ManagedObjectContext.swift */ = {isa = PBXFileReference; fileEncoding = 4; lastKnownFileType = sourcecode.swift; name = ManagedObjectContext.swift; path = DataCore/ManagedObjectContext.swift; sourceTree = "<group>"; };
		671127EF19DC44A600292F02 /* CocktailPro.xcdatamodel */ = {isa = PBXFileReference; lastKnownFileType = wrapper.xcdatamodel; path = CocktailPro.xcdatamodel; sourceTree = "<group>"; };
		671127F019DC44A600292F02 /* smartmixer.xcdatamodel */ = {isa = PBXFileReference; lastKnownFileType = wrapper.xcdatamodel; path = smartmixer.xcdatamodel; sourceTree = "<group>"; };
		671127F219DC4C9900292F02 /* cocktailpro.sqlite */ = {isa = PBXFileReference; lastKnownFileType = file; name = cocktailpro.sqlite; path = DataCore/cocktailpro.sqlite; sourceTree = "<group>"; };
		671127F619DC588E00292F02 /* ContainerDetail.swift */ = {isa = PBXFileReference; fileEncoding = 4; lastKnownFileType = sourcecode.swift; path = ContainerDetail.swift; sourceTree = "<group>"; };
		672FC06E19E4E18200F503DD /* HomeDirectionSync.swift */ = {isa = PBXFileReference; fileEncoding = 4; lastKnownFileType = sourcecode.swift; name = HomeDirectionSync.swift; path = Home/HomeDirectionSync.swift; sourceTree = "<group>"; };
		6736580A19ECCDB200199581 /* RecipeDetailPad.swift */ = {isa = PBXFileReference; fileEncoding = 4; lastKnownFileType = sourcecode.swift; path = RecipeDetailPad.swift; sourceTree = "<group>"; };
		6736580B19ECCDB200199581 /* Recipes_ipad.storyboard */ = {isa = PBXFileReference; fileEncoding = 4; lastKnownFileType = file.storyboard; path = Recipes_ipad.storyboard; sourceTree = "<group>"; };
		6736580E19ECD2DB00199581 /* Home_ipad.storyboard */ = {isa = PBXFileReference; fileEncoding = 4; lastKnownFileType = file.storyboard; name = Home_ipad.storyboard; path = Home/Home_ipad.storyboard; sourceTree = "<group>"; };
		6736581019ECD30D00199581 /* Device_ipad.storyboard */ = {isa = PBXFileReference; fileEncoding = 4; lastKnownFileType = file.storyboard; path = Device_ipad.storyboard; sourceTree = "<group>"; };
		6736581219ECD35600199581 /* Ingredients_ipad.storyboard */ = {isa = PBXFileReference; fileEncoding = 4; lastKnownFileType = file.storyboard; path = Ingredients_ipad.storyboard; sourceTree = "<group>"; };
		6736581419ECD44700199581 /* UserCenter_ipad.storyboard */ = {isa = PBXFileReference; fileEncoding = 4; lastKnownFileType = file.storyboard; path = UserCenter_ipad.storyboard; sourceTree = "<group>"; };
		67400E2519BFE78200F800B9 /* extension.swift */ = {isa = PBXFileReference; fileEncoding = 4; lastKnownFileType = sourcecode.swift; path = extension.swift; sourceTree = "<group>"; };
		67400E2619BFE78200F800B9 /* FilletButton.swift */ = {isa = PBXFileReference; fileEncoding = 4; lastKnownFileType = sourcecode.swift; path = FilletButton.swift; sourceTree = "<group>"; };
		67400E2719BFE78200F800B9 /* PopupView.swift */ = {isa = PBXFileReference; fileEncoding = 4; lastKnownFileType = sourcecode.swift; path = PopupView.swift; sourceTree = "<group>"; };
		67400E2819BFE78200F800B9 /* RadiusImage.swift */ = {isa = PBXFileReference; fileEncoding = 4; lastKnownFileType = sourcecode.swift; path = RadiusImage.swift; sourceTree = "<group>"; };
		67400E2919BFE78200F800B9 /* RadiusView.swift */ = {isa = PBXFileReference; fileEncoding = 4; lastKnownFileType = sourcecode.swift; path = RadiusView.swift; sourceTree = "<group>"; };
		67400E2A19BFE78200F800B9 /* Stars.swift */ = {isa = PBXFileReference; fileEncoding = 4; lastKnownFileType = sourcecode.swift; path = Stars.swift; sourceTree = "<group>"; };
		67400E3D19BFE78200F800B9 /* ConnectDevice.swift */ = {isa = PBXFileReference; fileEncoding = 4; lastKnownFileType = sourcecode.swift; path = ConnectDevice.swift; sourceTree = "<group>"; };
		67400E3E19BFE78200F800B9 /* Device.storyboard */ = {isa = PBXFileReference; fileEncoding = 4; lastKnownFileType = file.storyboard; path = Device.storyboard; sourceTree = "<group>"; };
		67400E3F19BFE78200F800B9 /* Device.swift */ = {isa = PBXFileReference; fileEncoding = 4; lastKnownFileType = sourcecode.swift; path = Device.swift; sourceTree = "<group>"; };
		67400E4519BFE78200F800B9 /* WeightView.swift */ = {isa = PBXFileReference; fileEncoding = 4; lastKnownFileType = sourcecode.swift; path = WeightView.swift; sourceTree = "<group>"; };
		67400E4819BFE78200F800B9 /* IngredientCategory.swift */ = {isa = PBXFileReference; fileEncoding = 4; lastKnownFileType = sourcecode.swift; path = IngredientCategory.swift; sourceTree = "<group>"; };
		67400E4919BFE78200F800B9 /* IngredientCollection.swift */ = {isa = PBXFileReference; fileEncoding = 4; lastKnownFileType = sourcecode.swift; path = IngredientCollection.swift; sourceTree = "<group>"; };
		67400E4B19BFE78200F800B9 /* IngredientDetail.swift */ = {isa = PBXFileReference; fileEncoding = 4; lastKnownFileType = sourcecode.swift; path = IngredientDetail.swift; sourceTree = "<group>"; };
		67400E4C19BFE78200F800B9 /* Ingredients.storyboard */ = {isa = PBXFileReference; fileEncoding = 4; lastKnownFileType = file.storyboard; path = Ingredients.storyboard; sourceTree = "<group>"; };
		67400E4D19BFE78200F800B9 /* Ingredients.swift */ = {isa = PBXFileReference; fileEncoding = 4; lastKnownFileType = sourcecode.swift; path = Ingredients.swift; sourceTree = "<group>"; };
		67400E4F19BFE78200F800B9 /* IngredientThumb.swift */ = {isa = PBXFileReference; fileEncoding = 4; lastKnownFileType = sourcecode.swift; path = IngredientThumb.swift; sourceTree = "<group>"; };
		67400E5D19BFE78200F800B9 /* Recipes.storyboard */ = {isa = PBXFileReference; fileEncoding = 4; lastKnownFileType = file.storyboard; path = Recipes.storyboard; sourceTree = "<group>"; };
		67400E5E19BFE78200F800B9 /* Recipes.swift */ = {isa = PBXFileReference; fileEncoding = 4; lastKnownFileType = sourcecode.swift; path = Recipes.swift; sourceTree = "<group>"; };
		67400E6019BFE78200F800B9 /* RecipesCollection.swift */ = {isa = PBXFileReference; fileEncoding = 4; lastKnownFileType = sourcecode.swift; path = RecipesCollection.swift; sourceTree = "<group>"; };
		67400E6119BFE78200F800B9 /* RecipesSearch.swift */ = {isa = PBXFileReference; fileEncoding = 4; lastKnownFileType = sourcecode.swift; path = RecipesSearch.swift; sourceTree = "<group>"; };
		67400E6219BFE78200F800B9 /* RecipeThumbail.swift */ = {isa = PBXFileReference; fileEncoding = 4; lastKnownFileType = sourcecode.swift; path = RecipeThumbail.swift; sourceTree = "<group>"; };
		67400E6419BFE78200F800B9 /* ball.png */ = {isa = PBXFileReference; lastKnownFileType = image.png; path = ball.png; sourceTree = "<group>"; };
		67400E6519BFE78200F800B9 /* Bluetooth.png */ = {isa = PBXFileReference; lastKnownFileType = image.png; path = Bluetooth.png; sourceTree = "<group>"; };
		67400E6719BFE78200F800B9 /* container_no.png */ = {isa = PBXFileReference; lastKnownFileType = image.png; path = container_no.png; sourceTree = "<group>"; };
		67400E6819BFE78200F800B9 /* container_on.png */ = {isa = PBXFileReference; lastKnownFileType = image.png; path = container_on.png; sourceTree = "<group>"; };
		67400E6919BFE78200F800B9 /* defaultuse.jpg */ = {isa = PBXFileReference; lastKnownFileType = image.jpeg; path = defaultuse.jpg; sourceTree = "<group>"; };
		67400E6A19BFE78200F800B9 /* deviceimg.png */ = {isa = PBXFileReference; lastKnownFileType = image.png; path = deviceimg.png; sourceTree = "<group>"; };
		67400E6C19BFE78200F800B9 /* Coquette Regular.ttf */ = {isa = PBXFileReference; lastKnownFileType = file; path = "Coquette Regular.ttf"; sourceTree = "<group>"; };
		67400E6D19BFE78200F800B9 /* Stroke-Bold.otf */ = {isa = PBXFileReference; lastKnownFileType = file; path = "Stroke-Bold.otf"; sourceTree = "<group>"; };
		67400E7019BFE78200F800B9 /* ingridient_no.png */ = {isa = PBXFileReference; lastKnownFileType = image.png; path = ingridient_no.png; sourceTree = "<group>"; };
		67400E7119BFE78200F800B9 /* ingridient_on.png */ = {isa = PBXFileReference; lastKnownFileType = image.png; path = ingridient_on.png; sourceTree = "<group>"; };
		67400E7319BFE78200F800B9 /* momo.png */ = {isa = PBXFileReference; lastKnownFileType = image.png; path = momo.png; sourceTree = "<group>"; };
		67400E7419BFE78200F800B9 /* taobao.png */ = {isa = PBXFileReference; lastKnownFileType = image.png; path = taobao.png; sourceTree = "<group>"; };
		67400E7519BFE78200F800B9 /* weibo.png */ = {isa = PBXFileReference; lastKnownFileType = image.png; path = weibo.png; sourceTree = "<group>"; };
		67400E7619BFE78200F800B9 /* weidian.png */ = {isa = PBXFileReference; lastKnownFileType = image.png; path = weidian.png; sourceTree = "<group>"; };
		67400E7719BFE78200F800B9 /* weixin.png */ = {isa = PBXFileReference; lastKnownFileType = image.png; path = weixin.png; sourceTree = "<group>"; };
		67400E7819BFE78200F800B9 /* plus.png */ = {isa = PBXFileReference; lastKnownFileType = image.png; path = plus.png; sourceTree = "<group>"; };
		67400E7919BFE78200F800B9 /* power.png */ = {isa = PBXFileReference; lastKnownFileType = image.png; path = power.png; sourceTree = "<group>"; };
		67400E7C19BFE78200F800B9 /* recipe_no.png */ = {isa = PBXFileReference; lastKnownFileType = image.png; path = recipe_no.png; sourceTree = "<group>"; };
		67400E7D19BFE78200F800B9 /* recipe_on.png */ = {isa = PBXFileReference; lastKnownFileType = image.png; path = recipe_on.png; sourceTree = "<group>"; };
		67400E8419BFE78200F800B9 /* star.png */ = {isa = PBXFileReference; lastKnownFileType = image.png; path = star.png; sourceTree = "<group>"; };
		67400E8519BFE78200F800B9 /* star_on.png */ = {isa = PBXFileReference; lastKnownFileType = image.png; path = star_on.png; sourceTree = "<group>"; };
		67400E8619BFE78200F800B9 /* user_no.png */ = {isa = PBXFileReference; lastKnownFileType = image.png; path = user_no.png; sourceTree = "<group>"; };
		67400E8719BFE78200F800B9 /* user_on.png */ = {isa = PBXFileReference; lastKnownFileType = image.png; path = user_on.png; sourceTree = "<group>"; };
		67400E8919BFE78200F800B9 /* weightpanel.png */ = {isa = PBXFileReference; lastKnownFileType = image.png; path = weightpanel.png; sourceTree = "<group>"; };
		67400E9219BFE78200F800B9 /* AboutDetail.swift */ = {isa = PBXFileReference; fileEncoding = 4; lastKnownFileType = sourcecode.swift; path = AboutDetail.swift; sourceTree = "<group>"; };
		67400E9419BFE78200F800B9 /* AboutViewPhone.swift */ = {isa = PBXFileReference; fileEncoding = 4; lastKnownFileType = sourcecode.swift; path = AboutViewPhone.swift; sourceTree = "<group>"; };
		67400E9519BFE78200F800B9 /* UserCenter.storyboard */ = {isa = PBXFileReference; fileEncoding = 4; lastKnownFileType = file.storyboard; path = UserCenter.storyboard; sourceTree = "<group>"; };
		67400EFC19BFEBAA00F800B9 /* CoreData.framework */ = {isa = PBXFileReference; lastKnownFileType = wrapper.framework; name = CoreData.framework; path = System/Library/Frameworks/CoreData.framework; sourceTree = SDKROOT; };
		674BC4F419EE618500D1DA82 /* sence_music.jpg */ = {isa = PBXFileReference; lastKnownFileType = image.jpeg; name = sence_music.jpg; path = sence/sence_music.jpg; sourceTree = "<group>"; };
		674BC4F519EE618500D1DA82 /* sence_mybar.jpg */ = {isa = PBXFileReference; lastKnownFileType = image.jpeg; name = sence_mybar.jpg; path = sence/sence_mybar.jpg; sourceTree = "<group>"; };
		6755A11B19E921D4000AC8EF /* AppDelegate.swift */ = {isa = PBXFileReference; fileEncoding = 4; lastKnownFileType = sourcecode.swift; name = AppDelegate.swift; path = AppRoot/AppDelegate.swift; sourceTree = "<group>"; };
		6755A11C19E921D4000AC8EF /* Baike.swift */ = {isa = PBXFileReference; fileEncoding = 4; lastKnownFileType = sourcecode.swift; name = Baike.swift; path = AppRoot/Baike.swift; sourceTree = "<group>"; };
		6755A11E19E921D4000AC8EF /* Launch.storyboard */ = {isa = PBXFileReference; fileEncoding = 4; lastKnownFileType = file.storyboard; name = Launch.storyboard; path = AppRoot/Launch.storyboard; sourceTree = "<group>"; };
		6755A11F19E921D4000AC8EF /* Main.storyboard */ = {isa = PBXFileReference; fileEncoding = 4; lastKnownFileType = file.storyboard; name = Main.storyboard; path = AppRoot/Main.storyboard; sourceTree = "<group>"; };
		6755A12019E921D4000AC8EF /* RootViewController.swift */ = {isa = PBXFileReference; fileEncoding = 4; lastKnownFileType = sourcecode.swift; name = RootViewController.swift; path = AppRoot/RootViewController.swift; sourceTree = "<group>"; };
		6755A12119E921D4000AC8EF /* smartmixer.entitlements */ = {isa = PBXFileReference; fileEncoding = 4; lastKnownFileType = text.xml; name = smartmixer.entitlements; path = AppRoot/smartmixer.entitlements; sourceTree = "<group>"; };
		6755A12419E921D4000AC8EF /* TabBarController.swift */ = {isa = PBXFileReference; fileEncoding = 4; lastKnownFileType = sourcecode.swift; name = TabBarController.swift; path = AppRoot/TabBarController.swift; sourceTree = "<group>"; };
		6755A12519E921D4000AC8EF /* Welcome.swift */ = {isa = PBXFileReference; fileEncoding = 4; lastKnownFileType = sourcecode.swift; name = Welcome.swift; path = AppRoot/Welcome.swift; sourceTree = "<group>"; };
		675F86CF19CF241B0056F234 /* SegmentCell.swift */ = {isa = PBXFileReference; fileEncoding = 4; lastKnownFileType = sourcecode.swift; path = SegmentCell.swift; sourceTree = "<group>"; };
		675F86D119CF25010056F234 /* RecipeIngridients.swift */ = {isa = PBXFileReference; fileEncoding = 4; lastKnownFileType = sourcecode.swift; path = RecipeIngridients.swift; sourceTree = "<group>"; };
		67763C7319C5FCF500391E2E /* RecipeDetailPhone.swift */ = {isa = PBXFileReference; fileEncoding = 4; lastKnownFileType = sourcecode.swift; path = RecipeDetailPhone.swift; sourceTree = "<group>"; };
		6778EAD219C5E7290065D606 /* Heartno.png */ = {isa = PBXFileReference; lastKnownFileType = image.png; path = Heartno.png; sourceTree = "<group>"; };
		6778EAD319C5E7290065D606 /* Heartyes.png */ = {isa = PBXFileReference; lastKnownFileType = image.png; path = Heartyes.png; sourceTree = "<group>"; };
		67857AB419F0D09D00E1B9B5 /* page5_bg.jpg */ = {isa = PBXFileReference; lastKnownFileType = image.jpeg; name = page5_bg.jpg; path = welcome/page5_bg.jpg; sourceTree = "<group>"; };
		67857AB519F0D09D00E1B9B5 /* page5_center_I.png */ = {isa = PBXFileReference; lastKnownFileType = image.png; name = page5_center_I.png; path = welcome/page5_center_I.png; sourceTree = "<group>"; };
		67857AB619F0D09D00E1B9B5 /* page5_center.png */ = {isa = PBXFileReference; lastKnownFileType = image.png; name = page5_center.png; path = welcome/page5_center.png; sourceTree = "<group>"; };
		678743DC19D86CA600EA6195 /* user_bg.jpg */ = {isa = PBXFileReference; lastKnownFileType = image.jpeg; path = user_bg.jpg; sourceTree = "<group>"; };
		678743DE19D86F4900EA6195 /* UserHome.swift */ = {isa = PBXFileReference; fileEncoding = 4; lastKnownFileType = sourcecode.swift; path = UserHome.swift; sourceTree = "<group>"; };
		678743E019D8723300EA6195 /* delete.png */ = {isa = PBXFileReference; lastKnownFileType = image.png; path = delete.png; sourceTree = "<group>"; };
		678743E219D876AB00EA6195 /* shop.png */ = {isa = PBXFileReference; lastKnownFileType = image.png; path = shop.png; sourceTree = "<group>"; };
		678743E419D8782E00EA6195 /* settings.png */ = {isa = PBXFileReference; lastKnownFileType = image.png; path = settings.png; sourceTree = "<group>"; };
		678947B119D9B313005ECD34 /* Home.storyboard */ = {isa = PBXFileReference; fileEncoding = 4; lastKnownFileType = file.storyboard; name = Home.storyboard; path = Home/Home.storyboard; sourceTree = "<group>"; };
		678947B319D9B9ED005ECD34 /* Home.swift */ = {isa = PBXFileReference; fileEncoding = 4; lastKnownFileType = sourcecode.swift; name = Home.swift; path = Home/Home.swift; sourceTree = "<group>"; };
		678947B519D9BBB6005ECD34 /* HomeDirections.json */ = {isa = PBXFileReference; lastKnownFileType = text.json; name = HomeDirections.json; path = Home/HomeDirections.json; sourceTree = "<group>"; };
		678A54D019C290C000AEE586 /* NumPickPanel.swift */ = {isa = PBXFileReference; fileEncoding = 4; lastKnownFileType = sourcecode.swift; path = NumPickPanel.swift; sourceTree = "<group>"; };
		678D912E19DBDFBF0026A810 /* Common.storyboard */ = {isa = PBXFileReference; fileEncoding = 4; lastKnownFileType = file.storyboard; path = Common.storyboard; sourceTree = "<group>"; };
		678D913019DBE0400026A810 /* WebView.swift */ = {isa = PBXFileReference; fileEncoding = 4; lastKnownFileType = sourcecode.swift; path = WebView.swift; sourceTree = "<group>"; };
		6798538C19EE45DA008F187A /* AboutViewPad.swift */ = {isa = PBXFileReference; fileEncoding = 4; lastKnownFileType = sourcecode.swift; path = AboutViewPad.swift; sourceTree = "<group>"; };
		67A3230619DB333B0051E101 /* sep_button.png */ = {isa = PBXFileReference; lastKnownFileType = image.png; path = sep_button.png; sourceTree = "<group>"; };
		67A5DBBB19E3F06B00E77C2C /* coverd.png */ = {isa = PBXFileReference; lastKnownFileType = image.png; path = coverd.png; sourceTree = "<group>"; };
		67A5DBBD19E3F40500E77C2C /* calorie.png */ = {isa = PBXFileReference; lastKnownFileType = image.png; path = calorie.png; sourceTree = "<group>"; };
		67A5DBBF19E3F4DF00E77C2C /* cook.png */ = {isa = PBXFileReference; lastKnownFileType = image.png; path = cook.png; sourceTree = "<group>"; };
		67A5DBC119E3F59500E77C2C /* alcohol.png */ = {isa = PBXFileReference; lastKnownFileType = image.png; path = alcohol.png; sourceTree = "<group>"; };
		67B5A88119EB738B00167462 /* smartmixer-Bridging-Header.h */ = {isa = PBXFileReference; lastKnownFileType = sourcecode.c.h; name = "smartmixer-Bridging-Header.h"; path = "Addin/smartmixer-Bridging-Header.h"; sourceTree = "<group>"; };
		67B5A88719EB740400167462 /* HTTPRequestSerializer.swift */ = {isa = PBXFileReference; fileEncoding = 4; lastKnownFileType = sourcecode.swift; name = HTTPRequestSerializer.swift; path = Addin/SwiftHttp/HTTPRequestSerializer.swift; sourceTree = "<group>"; };
		67B5A88819EB740400167462 /* HTTPResponseSerializer.swift */ = {isa = PBXFileReference; fileEncoding = 4; lastKnownFileType = sourcecode.swift; name = HTTPResponseSerializer.swift; path = Addin/SwiftHttp/HTTPResponseSerializer.swift; sourceTree = "<group>"; };
		67B5A88919EB740400167462 /* HTTPTask.swift */ = {isa = PBXFileReference; fileEncoding = 4; lastKnownFileType = sourcecode.swift; name = HTTPTask.swift; path = Addin/SwiftHttp/HTTPTask.swift; sourceTree = "<group>"; };
		67B5A88A19EB740400167462 /* HTTPUpload.swift */ = {isa = PBXFileReference; fileEncoding = 4; lastKnownFileType = sourcecode.swift; name = HTTPUpload.swift; path = Addin/SwiftHttp/HTTPUpload.swift; sourceTree = "<group>"; };
		67B5A89119EB748700167462 /* ZipArchive.h */ = {isa = PBXFileReference; fileEncoding = 4; lastKnownFileType = sourcecode.c.h; name = ZipArchive.h; path = Addin/ZipArchive/ZipArchive.h; sourceTree = "<group>"; };
		67B5A89419EB749300167462 /* crypt.h */ = {isa = PBXFileReference; fileEncoding = 4; lastKnownFileType = sourcecode.c.h; name = crypt.h; path = Addin/ZipArchive/minizip/crypt.h; sourceTree = "<group>"; };
		67B5A89519EB749300167462 /* ioapi.c */ = {isa = PBXFileReference; fileEncoding = 4; lastKnownFileType = sourcecode.c.c; name = ioapi.c; path = Addin/ZipArchive/minizip/ioapi.c; sourceTree = "<group>"; };
		67B5A89619EB749300167462 /* ioapi.h */ = {isa = PBXFileReference; fileEncoding = 4; lastKnownFileType = sourcecode.c.h; name = ioapi.h; path = Addin/ZipArchive/minizip/ioapi.h; sourceTree = "<group>"; };
		67B5A89719EB749300167462 /* mztools.c */ = {isa = PBXFileReference; fileEncoding = 4; lastKnownFileType = sourcecode.c.c; name = mztools.c; path = Addin/ZipArchive/minizip/mztools.c; sourceTree = "<group>"; };
		67B5A89819EB749300167462 /* mztools.h */ = {isa = PBXFileReference; fileEncoding = 4; lastKnownFileType = sourcecode.c.h; name = mztools.h; path = Addin/ZipArchive/minizip/mztools.h; sourceTree = "<group>"; };
		67B5A89919EB749300167462 /* unzip.c */ = {isa = PBXFileReference; fileEncoding = 4; lastKnownFileType = sourcecode.c.c; name = unzip.c; path = Addin/ZipArchive/minizip/unzip.c; sourceTree = "<group>"; };
		67B5A89A19EB749300167462 /* unzip.h */ = {isa = PBXFileReference; fileEncoding = 4; lastKnownFileType = sourcecode.c.h; name = unzip.h; path = Addin/ZipArchive/minizip/unzip.h; sourceTree = "<group>"; };
		67B5A89B19EB749300167462 /* zip.c */ = {isa = PBXFileReference; fileEncoding = 4; lastKnownFileType = sourcecode.c.c; name = zip.c; path = Addin/ZipArchive/minizip/zip.c; sourceTree = "<group>"; };
		67B5A89C19EB749300167462 /* zip.h */ = {isa = PBXFileReference; fileEncoding = 4; lastKnownFileType = sourcecode.c.h; name = zip.h; path = Addin/ZipArchive/minizip/zip.h; sourceTree = "<group>"; };
		67B5A8A119EB74DC00167462 /* libz.dylib */ = {isa = PBXFileReference; lastKnownFileType = "compiled.mach-o.dylib"; name = libz.dylib; path = usr/lib/libz.dylib; sourceTree = SDKROOT; };
		67B5A8A319EB75EA00167462 /* ZipArchive.m */ = {isa = PBXFileReference; fileEncoding = 4; lastKnownFileType = sourcecode.c.objc; name = ZipArchive.m; path = Addin/ZipArchive/ZipArchive.m; sourceTree = "<group>"; };
		67C5967B19EE997400EC43FE /* MyImagePicker.swift */ = {isa = PBXFileReference; fileEncoding = 4; lastKnownFileType = sourcecode.swift; path = MyImagePicker.swift; sourceTree = "<group>"; };
		67C5967D19EEAE5700EC43FE /* more-info.png */ = {isa = PBXFileReference; lastKnownFileType = image.png; path = "more-info.png"; sourceTree = "<group>"; };
		67C5967F19EEC00B00EC43FE /* WelcomePlus.swift */ = {isa = PBXFileReference; fileEncoding = 4; lastKnownFileType = sourcecode.swift; name = WelcomePlus.swift; path = AppRoot/WelcomePlus.swift; sourceTree = "<group>"; };
		67CB374819CFF5730099830D /* step_chill.jpg */ = {isa = PBXFileReference; lastKnownFileType = image.jpeg; name = step_chill.jpg; path = step/step_chill.jpg; sourceTree = "<group>"; };
		67CB374919CFF5730099830D /* step_double strain.jpg */ = {isa = PBXFileReference; lastKnownFileType = image.jpeg; name = "step_double strain.jpg"; path = "step/step_double strain.jpg"; sourceTree = "<group>"; };
		67CB374A19CFF5730099830D /* step_drizzle.jpg */ = {isa = PBXFileReference; lastKnownFileType = image.jpeg; name = step_drizzle.jpg; path = step/step_drizzle.jpg; sourceTree = "<group>"; };
		67CB374B19CFF5730099830D /* step_drop.jpg */ = {isa = PBXFileReference; lastKnownFileType = image.jpeg; name = step_drop.jpg; path = step/step_drop.jpg; sourceTree = "<group>"; };
		67CB374C19CFF5730099830D /* step_float.jpg */ = {isa = PBXFileReference; lastKnownFileType = image.jpeg; name = step_float.jpg; path = step/step_float.jpg; sourceTree = "<group>"; };
		67CB374D19CFF5730099830D /* step_ignite.jpg */ = {isa = PBXFileReference; lastKnownFileType = image.jpeg; name = step_ignite.jpg; path = step/step_ignite.jpg; sourceTree = "<group>"; };
		67CB374E19CFF5730099830D /* step_layer.jpg */ = {isa = PBXFileReference; lastKnownFileType = image.jpeg; name = step_layer.jpg; path = step/step_layer.jpg; sourceTree = "<group>"; };
		67CB374F19CFF5730099830D /* step_ok.jpg */ = {isa = PBXFileReference; lastKnownFileType = image.jpeg; name = step_ok.jpg; path = step/step_ok.jpg; sourceTree = "<group>"; };
		67CB375019CFF5730099830D /* step_rim.jpg */ = {isa = PBXFileReference; lastKnownFileType = image.jpeg; name = step_rim.jpg; path = step/step_rim.jpg; sourceTree = "<group>"; };
		67CB375119CFF5730099830D /* step_shake.jpg */ = {isa = PBXFileReference; lastKnownFileType = image.jpeg; name = step_shake.jpg; path = step/step_shake.jpg; sourceTree = "<group>"; };
		67CB375219CFF5730099830D /* step_strain.jpg */ = {isa = PBXFileReference; lastKnownFileType = image.jpeg; name = step_strain.jpg; path = step/step_strain.jpg; sourceTree = "<group>"; };
		67CB375319CFF5730099830D /* step_whip.jpg */ = {isa = PBXFileReference; lastKnownFileType = image.jpeg; name = step_whip.jpg; path = step/step_whip.jpg; sourceTree = "<group>"; };
		67CB375419CFF5730099830D /* step_stir.jpg */ = {isa = PBXFileReference; lastKnownFileType = image.jpeg; name = step_stir.jpg; path = step/step_stir.jpg; sourceTree = "<group>"; };
		67CB376219CFFF4F0099830D /* stopwatch.png */ = {isa = PBXFileReference; lastKnownFileType = image.png; path = stopwatch.png; sourceTree = "<group>"; };
		67CE106419BFE6C400434A8D /* smartmixer.app */ = {isa = PBXFileReference; explicitFileType = wrapper.application; includeInIndex = 0; path = smartmixer.app; sourceTree = BUILT_PRODUCTS_DIR; };
		67CE106819BFE6C400434A8D /* Info.plist */ = {isa = PBXFileReference; lastKnownFileType = text.plist.xml; path = Info.plist; sourceTree = "<group>"; };
		67CE107219BFE6C400434A8D /* Images.xcassets */ = {isa = PBXFileReference; lastKnownFileType = folder.assetcatalog; path = Images.xcassets; sourceTree = "<group>"; };
		67CE107B19BFE6C400434A8D /* smartmixerTests.xctest */ = {isa = PBXFileReference; explicitFileType = wrapper.cfbundle; includeInIndex = 0; path = smartmixerTests.xctest; sourceTree = BUILT_PRODUCTS_DIR; };
		67CE108019BFE6C400434A8D /* Info.plist */ = {isa = PBXFileReference; lastKnownFileType = text.plist.xml; path = Info.plist; sourceTree = "<group>"; };
		67CE108119BFE6C400434A8D /* smartmixerTests.swift */ = {isa = PBXFileReference; lastKnownFileType = sourcecode.swift; path = smartmixerTests.swift; sourceTree = "<group>"; };
		67D4507519E16CD9002DC427 /* HistoryCell.swift */ = {isa = PBXFileReference; fileEncoding = 4; lastKnownFileType = sourcecode.swift; path = HistoryCell.swift; sourceTree = "<group>"; };
		67D4507719E1AEB9002DC427 /* DataDAO.swift */ = {isa = PBXFileReference; fileEncoding = 4; lastKnownFileType = sourcecode.swift; name = DataDAO.swift; path = DataCore/DataDAO.swift; sourceTree = "<group>"; };
		67DB255519EC254200A5AD3D /* Main_ipad.storyboard */ = {isa = PBXFileReference; fileEncoding = 4; lastKnownFileType = file.storyboard; name = Main_ipad.storyboard; path = AppRoot/Main_ipad.storyboard; sourceTree = "<group>"; };
		67DB255719EC2F0000A5AD3D /* page1_center.png */ = {isa = PBXFileReference; lastKnownFileType = image.png; name = page1_center.png; path = welcome/page1_center.png; sourceTree = "<group>"; };
		67DB255919EC2F0000A5AD3D /* page2_center.png */ = {isa = PBXFileReference; lastKnownFileType = image.png; name = page2_center.png; path = welcome/page2_center.png; sourceTree = "<group>"; };
		67DB255B19EC2F0000A5AD3D /* page3_center.png */ = {isa = PBXFileReference; lastKnownFileType = image.png; name = page3_center.png; path = welcome/page3_center.png; sourceTree = "<group>"; };
		67DB255D19EC2F0000A5AD3D /* page4_center.png */ = {isa = PBXFileReference; lastKnownFileType = image.png; name = page4_center.png; path = welcome/page4_center.png; sourceTree = "<group>"; };
		67DB256719EC2F0D00A5AD3D /* Launch_ipad.storyboard */ = {isa = PBXFileReference; fileEncoding = 4; lastKnownFileType = file.storyboard; name = Launch_ipad.storyboard; path = AppRoot/Launch_ipad.storyboard; sourceTree = "<group>"; };
		67DB257319EC301D00A5AD3D /* Common_ipad.storyboard */ = {isa = PBXFileReference; fileEncoding = 4; lastKnownFileType = file.storyboard; path = Common_ipad.storyboard; sourceTree = "<group>"; };
		67DB257419EC301D00A5AD3D /* NumPickPad.swift */ = {isa = PBXFileReference; fileEncoding = 4; lastKnownFileType = sourcecode.swift; path = NumPickPad.swift; sourceTree = "<group>"; };
		67DEE9DA19BFF37D0097E7AD /* CoreBluetooth.framework */ = {isa = PBXFileReference; lastKnownFileType = wrapper.framework; name = CoreBluetooth.framework; path = System/Library/Frameworks/CoreBluetooth.framework; sourceTree = SDKROOT; };
		67E8EC8919D53D9000B2EB75 /* step_put.jpg */ = {isa = PBXFileReference; lastKnownFileType = image.jpeg; name = step_put.jpg; path = step/step_put.jpg; sourceTree = "<group>"; };
		67EF987019D276780097CF80 /* page1_bg.jpg */ = {isa = PBXFileReference; lastKnownFileType = image.jpeg; name = page1_bg.jpg; path = welcome/page1_bg.jpg; sourceTree = "<group>"; };
		67EF987119D276780097CF80 /* page2_bg.jpg */ = {isa = PBXFileReference; lastKnownFileType = image.jpeg; name = page2_bg.jpg; path = welcome/page2_bg.jpg; sourceTree = "<group>"; };
		67EF987219D276780097CF80 /* page3_bg.jpg */ = {isa = PBXFileReference; lastKnownFileType = image.jpeg; name = page3_bg.jpg; path = welcome/page3_bg.jpg; sourceTree = "<group>"; };
		67EF987319D276780097CF80 /* page4_bg.jpg */ = {isa = PBXFileReference; lastKnownFileType = image.jpeg; name = page4_bg.jpg; path = welcome/page4_bg.jpg; sourceTree = "<group>"; };
		67FBFA7F19DE6D7100A1F5D0 /* Recipe.swift */ = {isa = PBXFileReference; fileEncoding = 4; lastKnownFileType = sourcecode.swift; name = Recipe.swift; path = DataCore/Model/Recipe.swift; sourceTree = "<group>"; };
		67FBFA8119DE6D7200A1F5D0 /* RecipeStep.swift */ = {isa = PBXFileReference; fileEncoding = 4; lastKnownFileType = sourcecode.swift; name = RecipeStep.swift; path = DataCore/Model/RecipeStep.swift; sourceTree = "<group>"; };
		67FBFA8319DE72D800A1F5D0 /* time-thumb.png */ = {isa = PBXFileReference; lastKnownFileType = image.png; path = "time-thumb.png"; sourceTree = "<group>"; };
/* End PBXFileReference section */

/* Begin PBXFrameworksBuildPhase section */
		67CE106119BFE6C400434A8D /* Frameworks */ = {
			isa = PBXFrameworksBuildPhase;
			buildActionMask = 2147483647;
			files = (
				67B5A8A219EB74DC00167462 /* libz.dylib in Frameworks */,
				67400EFD19BFEBAA00F800B9 /* CoreData.framework in Frameworks */,
			);
			runOnlyForDeploymentPostprocessing = 0;
		};
		67CE107819BFE6C400434A8D /* Frameworks */ = {
			isa = PBXFrameworksBuildPhase;
			buildActionMask = 2147483647;
			files = (
			);
			runOnlyForDeploymentPostprocessing = 0;
		};
/* End PBXFrameworksBuildPhase section */

/* Begin PBXGroup section */
		671127BF19DC0A5000292F02 /* sence */ = {
			isa = PBXGroup;
			children = (
				674BC4F419EE618500D1DA82 /* sence_music.jpg */,
				674BC4F519EE618500D1DA82 /* sence_mybar.jpg */,
				671127C019DC0ADE00292F02 /* sence_bsjl.jpg */,
				671127C119DC0ADE00292F02 /* sence_djzd.jpg */,
				671127C219DC0ADE00292F02 /* sence_hfmy.jpg */,
				671127C319DC0ADE00292F02 /* sence_jfty.jpg */,
				671127C419DC0ADE00292F02 /* sence_ns.jpg */,
				671127C519DC0ADE00292F02 /* sence_qbbz.jpg */,
				671127C619DC0ADE00292F02 /* sence_scxl.jpg */,
				671127C719DC0ADE00292F02 /* sence_tmwx.jpg */,
				671127C819DC0ADE00292F02 /* sence_tzrm.jpg */,
				671127C919DC0ADE00292F02 /* sence_wsns.jpg */,
			);
			name = sence;
			sourceTree = "<group>";
		};
		671127EB19DC43AA00292F02 /* Model */ = {
			isa = PBXGroup;
			children = (
				67FBFA8119DE6D7200A1F5D0 /* RecipeStep.swift */,
				67FBFA7F19DE6D7100A1F5D0 /* Recipe.swift */,
				671127E919DC439F00292F02 /* NutrientEntity.swift */,
				671127E719DC439F00292F02 /* RecipeIngrdient.swift */,
				671127E519DC439F00292F02 /* History.swift */,
				671127E319DC439F00292F02 /* Actions.swift */,
				671127E119DC439F00292F02 /* Category.swift */,
				671127DD19DC439F00292F02 /* Container.swift */,
				671127DB19DC439F00292F02 /* Nutrients.swift */,
				671127D719DC439F00292F02 /* Unit.swift */,
				671127D519DC439E00292F02 /* Ingridient.swift */,
			);
			name = Model;
			sourceTree = "<group>";
		};
		67400E2319BFE72900F800B9 /* AppRoot */ = {
			isa = PBXGroup;
			children = (
				6755A12119E921D4000AC8EF /* smartmixer.entitlements */,
				67DB256719EC2F0D00A5AD3D /* Launch_ipad.storyboard */,
				6755A11E19E921D4000AC8EF /* Launch.storyboard */,
				67DB255519EC254200A5AD3D /* Main_ipad.storyboard */,
				6755A11F19E921D4000AC8EF /* Main.storyboard */,
				6755A11B19E921D4000AC8EF /* AppDelegate.swift */,
				6755A11C19E921D4000AC8EF /* Baike.swift */,
				6755A12019E921D4000AC8EF /* RootViewController.swift */,
				6755A12419E921D4000AC8EF /* TabBarController.swift */,
				6755A12519E921D4000AC8EF /* Welcome.swift */,
				67C5967F19EEC00B00EC43FE /* WelcomePlus.swift */,
			);
			name = AppRoot;
			sourceTree = "<group>";
		};
		67400E2419BFE78200F800B9 /* Common */ = {
			isa = PBXGroup;
			children = (
				67DB257319EC301D00A5AD3D /* Common_ipad.storyboard */,
				678D912E19DBDFBF0026A810 /* Common.storyboard */,
				67400E2519BFE78200F800B9 /* extension.swift */,
				67400E2619BFE78200F800B9 /* FilletButton.swift */,
				67C5967B19EE997400EC43FE /* MyImagePicker.swift */,
				67DB257419EC301D00A5AD3D /* NumPickPad.swift */,
				678A54D019C290C000AEE586 /* NumPickPanel.swift */,
				67400E2719BFE78200F800B9 /* PopupView.swift */,
				67400E2819BFE78200F800B9 /* RadiusImage.swift */,
				67400E2919BFE78200F800B9 /* RadiusView.swift */,
				67029C2719CE0A21001C425F /* SideMenuController.swift */,
				67400E2A19BFE78200F800B9 /* Stars.swift */,
				678D913019DBE0400026A810 /* WebView.swift */,
			);
			path = Common;
			sourceTree = "<group>";
		};
		67400E3C19BFE78200F800B9 /* Device */ = {
			isa = PBXGroup;
			children = (
				6736581019ECD30D00199581 /* Device_ipad.storyboard */,
				67400E3D19BFE78200F800B9 /* ConnectDevice.swift */,
				67400E3E19BFE78200F800B9 /* Device.storyboard */,
				67400E3F19BFE78200F800B9 /* Device.swift */,
				67400E4519BFE78200F800B9 /* WeightView.swift */,
			);
			path = Device;
			sourceTree = "<group>";
		};
		67400E4619BFE78200F800B9 /* Ingredients */ = {
			isa = PBXGroup;
			children = (
				6736581219ECD35600199581 /* Ingredients_ipad.storyboard */,
				67400E4C19BFE78200F800B9 /* Ingredients.storyboard */,
				671127F619DC588E00292F02 /* ContainerDetail.swift */,
				67400E4819BFE78200F800B9 /* IngredientCategory.swift */,
				67400E4919BFE78200F800B9 /* IngredientCollection.swift */,
				67400E4B19BFE78200F800B9 /* IngredientDetail.swift */,
				67400E4D19BFE78200F800B9 /* Ingredients.swift */,
				67400E4F19BFE78200F800B9 /* IngredientThumb.swift */,
			);
			name = Ingredients;
			path = Ingridients;
			sourceTree = "<group>";
		};
		67400E5B19BFE78200F800B9 /* Recipes */ = {
			isa = PBXGroup;
			children = (
				6736580B19ECCDB200199581 /* Recipes_ipad.storyboard */,
				67400E5D19BFE78200F800B9 /* Recipes.storyboard */,
				67029C2D19CE2243001C425F /* CategoryCell.swift */,
				67029C2B19CE1059001C425F /* CategoryMenu.swift */,
				6736580A19ECCDB200199581 /* RecipeDetailPad.swift */,
				67763C7319C5FCF500391E2E /* RecipeDetailPhone.swift */,
				675F86D119CF25010056F234 /* RecipeIngridients.swift */,
				67400E5E19BFE78200F800B9 /* Recipes.swift */,
				67400E6019BFE78200F800B9 /* RecipesCollection.swift */,
				67400E6119BFE78200F800B9 /* RecipesSearch.swift */,
				67400E6219BFE78200F800B9 /* RecipeThumbail.swift */,
				675F86CF19CF241B0056F234 /* SegmentCell.swift */,
			);
			path = Recipes;
			sourceTree = "<group>";
		};
		67400E6319BFE78200F800B9 /* Resource */ = {
			isa = PBXGroup;
			children = (
				67073D6919EF5F2100CB5FCF /* userbg.jpg */,
				67C5967D19EEAE5700EC43FE /* more-info.png */,
				67400E6919BFE78200F800B9 /* defaultuse.jpg */,
				678743DC19D86CA600EA6195 /* user_bg.jpg */,
				67A5DBC119E3F59500E77C2C /* alcohol.png */,
				67400E6419BFE78200F800B9 /* ball.png */,
				67400E6519BFE78200F800B9 /* Bluetooth.png */,
				67A5DBBD19E3F40500E77C2C /* calorie.png */,
				67400E6719BFE78200F800B9 /* container_no.png */,
				67400E6819BFE78200F800B9 /* container_on.png */,
				67A5DBBF19E3F4DF00E77C2C /* cook.png */,
				67A5DBBB19E3F06B00E77C2C /* coverd.png */,
				678743E019D8723300EA6195 /* delete.png */,
				67400E6A19BFE78200F800B9 /* deviceimg.png */,
				6778EAD219C5E7290065D606 /* Heartno.png */,
				6778EAD319C5E7290065D606 /* Heartyes.png */,
				67400E7019BFE78200F800B9 /* ingridient_no.png */,
				67400E7119BFE78200F800B9 /* ingridient_on.png */,
				67400E7819BFE78200F800B9 /* plus.png */,
				67400E7919BFE78200F800B9 /* power.png */,
				67400E7C19BFE78200F800B9 /* recipe_no.png */,
				67400E7D19BFE78200F800B9 /* recipe_on.png */,
				67A3230619DB333B0051E101 /* sep_button.png */,
				678743E419D8782E00EA6195 /* settings.png */,
				678743E219D876AB00EA6195 /* shop.png */,
				67400E8519BFE78200F800B9 /* star_on.png */,
				67400E8419BFE78200F800B9 /* star.png */,
				67CB376219CFFF4F0099830D /* stopwatch.png */,
				67FBFA8319DE72D800A1F5D0 /* time-thumb.png */,
				67400E8619BFE78200F800B9 /* user_no.png */,
				67400E8719BFE78200F800B9 /* user_on.png */,
				67400E8919BFE78200F800B9 /* weightpanel.png */,
				67400E6B19BFE78200F800B9 /* fonts */,
				67400E7219BFE78200F800B9 /* media */,
				671127BF19DC0A5000292F02 /* sence */,
				67CB374719CFF5640099830D /* step */,
				67EF986619D276480097CF80 /* welcome */,
			);
			path = Resource;
			sourceTree = "<group>";
		};
		67400E6B19BFE78200F800B9 /* fonts */ = {
			isa = PBXGroup;
			children = (
				67400E6C19BFE78200F800B9 /* Coquette Regular.ttf */,
				67400E6D19BFE78200F800B9 /* Stroke-Bold.otf */,
			);
			path = fonts;
			sourceTree = "<group>";
		};
		67400E7219BFE78200F800B9 /* media */ = {
			isa = PBXGroup;
			children = (
				67400E7319BFE78200F800B9 /* momo.png */,
				67400E7419BFE78200F800B9 /* taobao.png */,
				67400E7519BFE78200F800B9 /* weibo.png */,
				67400E7619BFE78200F800B9 /* weidian.png */,
				67400E7719BFE78200F800B9 /* weixin.png */,
			);
			path = media;
			sourceTree = "<group>";
		};
		67400E9119BFE78200F800B9 /* UserCenter */ = {
			isa = PBXGroup;
			children = (
				6736581419ECD44700199581 /* UserCenter_ipad.storyboard */,
				67400E9519BFE78200F800B9 /* UserCenter.storyboard */,
				67400E9219BFE78200F800B9 /* AboutDetail.swift */,
				6798538C19EE45DA008F187A /* AboutViewPad.swift */,
				67400E9419BFE78200F800B9 /* AboutViewPhone.swift */,
				67D4507519E16CD9002DC427 /* HistoryCell.swift */,
				678743DE19D86F4900EA6195 /* UserHome.swift */,
			);
			path = UserCenter;
			sourceTree = "<group>";
		};
		67400EFB19BFE79300F800B9 /* DataCore */ = {
			isa = PBXGroup;
			children = (
				671127F219DC4C9900292F02 /* cocktailpro.sqlite */,
				671127EB19DC43AA00292F02 /* Model */,
				671127EE19DC44A600292F02 /* smartmixer.xcdatamodeld */,
				671127EC19DC448500292F02 /* ManagedObjectContext.swift */,
				67D4507719E1AEB9002DC427 /* DataDAO.swift */,
			);
			name = DataCore;
			sourceTree = "<group>";
		};
		67400EFE19BFEC0800F800B9 /* Framework */ = {
			isa = PBXGroup;
			children = (
				67B5A8A119EB74DC00167462 /* libz.dylib */,
				67DEE9DA19BFF37D0097E7AD /* CoreBluetooth.framework */,
				67400EFC19BFEBAA00F800B9 /* CoreData.framework */,
			);
			name = Framework;
			sourceTree = "<group>";
		};
		678947B019D9B2EB005ECD34 /* Home */ = {
			isa = PBXGroup;
			children = (
				6736580E19ECD2DB00199581 /* Home_ipad.storyboard */,
				678947B119D9B313005ECD34 /* Home.storyboard */,
				678947B319D9B9ED005ECD34 /* Home.swift */,
				678947B519D9BBB6005ECD34 /* HomeDirections.json */,
				672FC06E19E4E18200F503DD /* HomeDirectionSync.swift */,
			);
			name = Home;
			sourceTree = "<group>";
		};
		67B5A88019EB726E00167462 /* Addin */ = {
			isa = PBXGroup;
			children = (
				67B5A88F19EB741900167462 /* ZipArchive */,
				67B5A88619EB73D500167462 /* SwiftHttp */,
				67B5A88119EB738B00167462 /* smartmixer-Bridging-Header.h */,
			);
			name = Addin;
			sourceTree = "<group>";
		};
		67B5A88619EB73D500167462 /* SwiftHttp */ = {
			isa = PBXGroup;
			children = (
				67B5A88719EB740400167462 /* HTTPRequestSerializer.swift */,
				67B5A88819EB740400167462 /* HTTPResponseSerializer.swift */,
				67B5A88919EB740400167462 /* HTTPTask.swift */,
				67B5A88A19EB740400167462 /* HTTPUpload.swift */,
			);
			name = SwiftHttp;
			sourceTree = "<group>";
		};
		67B5A88F19EB741900167462 /* ZipArchive */ = {
			isa = PBXGroup;
			children = (
				67B5A8A319EB75EA00167462 /* ZipArchive.m */,
				67B5A89119EB748700167462 /* ZipArchive.h */,
				67B5A89019EB742600167462 /* minizip */,
			);
			name = ZipArchive;
			sourceTree = "<group>";
		};
		67B5A89019EB742600167462 /* minizip */ = {
			isa = PBXGroup;
			children = (
				67B5A89419EB749300167462 /* crypt.h */,
				67B5A89519EB749300167462 /* ioapi.c */,
				67B5A89619EB749300167462 /* ioapi.h */,
				67B5A89719EB749300167462 /* mztools.c */,
				67B5A89819EB749300167462 /* mztools.h */,
				67B5A89919EB749300167462 /* unzip.c */,
				67B5A89A19EB749300167462 /* unzip.h */,
				67B5A89B19EB749300167462 /* zip.c */,
				67B5A89C19EB749300167462 /* zip.h */,
			);
			name = minizip;
			sourceTree = "<group>";
		};
		67CB374719CFF5640099830D /* step */ = {
			isa = PBXGroup;
			children = (
				67E8EC8919D53D9000B2EB75 /* step_put.jpg */,
				67CB374819CFF5730099830D /* step_chill.jpg */,
				67CB374919CFF5730099830D /* step_double strain.jpg */,
				67CB374A19CFF5730099830D /* step_drizzle.jpg */,
				67CB374B19CFF5730099830D /* step_drop.jpg */,
				67CB374C19CFF5730099830D /* step_float.jpg */,
				67CB374D19CFF5730099830D /* step_ignite.jpg */,
				67CB374E19CFF5730099830D /* step_layer.jpg */,
				67CB374F19CFF5730099830D /* step_ok.jpg */,
				67CB375019CFF5730099830D /* step_rim.jpg */,
				67CB375119CFF5730099830D /* step_shake.jpg */,
				67CB375219CFF5730099830D /* step_strain.jpg */,
				67CB375319CFF5730099830D /* step_whip.jpg */,
				67CB375419CFF5730099830D /* step_stir.jpg */,
			);
			name = step;
			sourceTree = "<group>";
		};
		67CE105B19BFE6C400434A8D = {
			isa = PBXGroup;
			children = (
				67400EFE19BFEC0800F800B9 /* Framework */,
				67CE106619BFE6C400434A8D /* smartmixer */,
				67CE107E19BFE6C400434A8D /* smartmixerTests */,
				67CE106519BFE6C400434A8D /* Products */,
			);
			sourceTree = "<group>";
		};
		67CE106519BFE6C400434A8D /* Products */ = {
			isa = PBXGroup;
			children = (
				67CE106419BFE6C400434A8D /* smartmixer.app */,
				67CE107B19BFE6C400434A8D /* smartmixerTests.xctest */,
			);
			name = Products;
			sourceTree = "<group>";
		};
		67CE106619BFE6C400434A8D /* smartmixer */ = {
			isa = PBXGroup;
			children = (
				678947B019D9B2EB005ECD34 /* Home */,
				67400E5B19BFE78200F800B9 /* Recipes */,
				67400E3C19BFE78200F800B9 /* Device */,
				67400E4619BFE78200F800B9 /* Ingredients */,
				67400E9119BFE78200F800B9 /* UserCenter */,
				67400E2319BFE72900F800B9 /* AppRoot */,
				67400E2419BFE78200F800B9 /* Common */,
				67400E6319BFE78200F800B9 /* Resource */,
				67400EFB19BFE79300F800B9 /* DataCore */,
				67B5A88019EB726E00167462 /* Addin */,
				67CE107219BFE6C400434A8D /* Images.xcassets */,
				67CE106719BFE6C400434A8D /* Supporting Files */,
			);
			path = smartmixer;
			sourceTree = "<group>";
		};
		67CE106719BFE6C400434A8D /* Supporting Files */ = {
			isa = PBXGroup;
			children = (
				67CE106819BFE6C400434A8D /* Info.plist */,
			);
			name = "Supporting Files";
			sourceTree = "<group>";
		};
		67CE107E19BFE6C400434A8D /* smartmixerTests */ = {
			isa = PBXGroup;
			children = (
				67CE108119BFE6C400434A8D /* smartmixerTests.swift */,
				67CE107F19BFE6C400434A8D /* Supporting Files */,
			);
			path = smartmixerTests;
			sourceTree = "<group>";
		};
		67CE107F19BFE6C400434A8D /* Supporting Files */ = {
			isa = PBXGroup;
			children = (
				67CE108019BFE6C400434A8D /* Info.plist */,
			);
			name = "Supporting Files";
			sourceTree = "<group>";
		};
		67EF986619D276480097CF80 /* welcome */ = {
			isa = PBXGroup;
			children = (
				67857AB419F0D09D00E1B9B5 /* page5_bg.jpg */,
				67857AB519F0D09D00E1B9B5 /* page5_center_I.png */,
				67857AB619F0D09D00E1B9B5 /* page5_center.png */,
				67DB255719EC2F0000A5AD3D /* page1_center.png */,
				67DB255919EC2F0000A5AD3D /* page2_center.png */,
				67DB255B19EC2F0000A5AD3D /* page3_center.png */,
				67DB255D19EC2F0000A5AD3D /* page4_center.png */,
				67040C1C19D59E9700798A17 /* page1_center_I.png */,
				67040C1E19D59E9700798A17 /* page2_center_I.png */,
				67040C2019D59E9700798A17 /* page3_center_I.png */,
				67040C2219D59E9700798A17 /* page4_center_I.png */,
				67EF987019D276780097CF80 /* page1_bg.jpg */,
				67EF987119D276780097CF80 /* page2_bg.jpg */,
				67EF987219D276780097CF80 /* page3_bg.jpg */,
				67EF987319D276780097CF80 /* page4_bg.jpg */,
			);
			name = welcome;
			sourceTree = "<group>";
		};
/* End PBXGroup section */

/* Begin PBXNativeTarget section */
		67CE106319BFE6C400434A8D /* smartmixer */ = {
			isa = PBXNativeTarget;
			buildConfigurationList = 67CE108519BFE6C400434A8D /* Build configuration list for PBXNativeTarget "smartmixer" */;
			buildPhases = (
				67CE106019BFE6C400434A8D /* Sources */,
				67CE106119BFE6C400434A8D /* Frameworks */,
				67CE106219BFE6C400434A8D /* Resources */,
			);
			buildRules = (
			);
			dependencies = (
			);
			name = smartmixer;
			productName = smartmixer;
			productReference = 67CE106419BFE6C400434A8D /* smartmixer.app */;
			productType = "com.apple.product-type.application";
		};
		67CE107A19BFE6C400434A8D /* smartmixerTests */ = {
			isa = PBXNativeTarget;
			buildConfigurationList = 67CE108819BFE6C400434A8D /* Build configuration list for PBXNativeTarget "smartmixerTests" */;
			buildPhases = (
				67CE107719BFE6C400434A8D /* Sources */,
				67CE107819BFE6C400434A8D /* Frameworks */,
				67CE107919BFE6C400434A8D /* Resources */,
			);
			buildRules = (
			);
			dependencies = (
				67CE107D19BFE6C400434A8D /* PBXTargetDependency */,
			);
			name = smartmixerTests;
			productName = smartmixerTests;
			productReference = 67CE107B19BFE6C400434A8D /* smartmixerTests.xctest */;
			productType = "com.apple.product-type.bundle.unit-test";
		};
/* End PBXNativeTarget section */

/* Begin PBXProject section */
		67CE105C19BFE6C400434A8D /* Project object */ = {
			isa = PBXProject;
			attributes = {
				LastUpgradeCheck = 0600;
				ORGANIZATIONNAME = smarthito;
				TargetAttributes = {
					67CE106319BFE6C400434A8D = {
						CreatedOnToolsVersion = 6.0;
						DevelopmentTeam = 3Z8C4UK6GU;
						SystemCapabilities = {
							com.apple.iCloud = {
								enabled = 0;
							};
						};
					};
					67CE107A19BFE6C400434A8D = {
						CreatedOnToolsVersion = 6.0;
						TestTargetID = 67CE106319BFE6C400434A8D;
					};
				};
			};
			buildConfigurationList = 67CE105F19BFE6C400434A8D /* Build configuration list for PBXProject "smartmixer" */;
			compatibilityVersion = "Xcode 3.2";
			developmentRegion = English;
			hasScannedForEncodings = 0;
			knownRegions = (
				en,
				Base,
			);
			mainGroup = 67CE105B19BFE6C400434A8D;
			productRefGroup = 67CE106519BFE6C400434A8D /* Products */;
			projectDirPath = "";
			projectRoot = "";
			targets = (
				67CE106319BFE6C400434A8D /* smartmixer */,
				67CE107A19BFE6C400434A8D /* smartmixerTests */,
			);
		};
/* End PBXProject section */

/* Begin PBXResourcesBuildPhase section */
		67CE106219BFE6C400434A8D /* Resources */ = {
			isa = PBXResourcesBuildPhase;
			buildActionMask = 2147483647;
			files = (
				671127D019DC0ADE00292F02 /* sence_scxl.jpg in Resources */,
				67073D6A19EF5F2100CB5FCF /* userbg.jpg in Resources */,
				671127CC19DC0ADE00292F02 /* sence_hfmy.jpg in Resources */,
				67E8EC8A19D53D9000B2EB75 /* step_put.jpg in Resources */,
				671127CE19DC0ADE00292F02 /* sence_ns.jpg in Resources */,
				67DB255619EC254200A5AD3D /* Main_ipad.storyboard in Resources */,
				67040C2619D59E9700798A17 /* page2_center_I.png in Resources */,
				67400ED319BFE78200F800B9 /* defaultuse.jpg in Resources */,
				67CB375A19CFF5730099830D /* step_ignite.jpg in Resources */,
				678743DD19D86CA600EA6195 /* user_bg.jpg in Resources */,
				67400EDD19BFE78200F800B9 /* weidian.png in Resources */,
				6736581519ECD44700199581 /* UserCenter_ipad.storyboard in Resources */,
				6736580F19ECD2DB00199581 /* Home_ipad.storyboard in Resources */,
				678743E319D876AB00EA6195 /* shop.png in Resources */,
				67400EDE19BFE78200F800B9 /* weixin.png in Resources */,
				67400ED919BFE78200F800B9 /* ingridient_on.png in Resources */,
				67CB375919CFF5730099830D /* step_float.jpg in Resources */,
				6736580D19ECCDB200199581 /* Recipes_ipad.storyboard in Resources */,
				678947B619D9C058005ECD34 /* HomeDirections.json in Resources */,
				67400ECF19BFE78200F800B9 /* Bluetooth.png in Resources */,
				671127D219DC0ADE00292F02 /* sence_tzrm.jpg in Resources */,
				67CB375719CFF5730099830D /* step_drizzle.jpg in Resources */,
				674BC4F619EE618500D1DA82 /* sence_music.jpg in Resources */,
				67400EE019BFE78200F800B9 /* power.png in Resources */,
				67C5967E19EEAE5700EC43FE /* more-info.png in Resources */,
				67EF987519D276780097CF80 /* page2_bg.jpg in Resources */,
				671127D319DC0ADE00292F02 /* sence_wsns.jpg in Resources */,
				67EF987419D276780097CF80 /* page1_bg.jpg in Resources */,
				67DB256119EC2F0000A5AD3D /* page2_center.png in Resources */,
				67400EEB19BFE78200F800B9 /* user_no.png in Resources */,
				67400EC819BFE78200F800B9 /* Recipes.storyboard in Resources */,
				67857AB919F0D09D00E1B9B5 /* page5_center.png in Resources */,
				67EF987619D276780097CF80 /* page3_bg.jpg in Resources */,
				67400EE319BFE78200F800B9 /* recipe_on.png in Resources */,
				67400EE219BFE78200F800B9 /* recipe_no.png in Resources */,
				6736581319ECD35600199581 /* Ingredients_ipad.storyboard in Resources */,
				67400EDA19BFE78200F800B9 /* momo.png in Resources */,
				67040C2419D59E9700798A17 /* page1_center_I.png in Resources */,
				67857AB719F0D09D00E1B9B5 /* page5_bg.jpg in Resources */,
				67A5DBBE19E3F40500E77C2C /* calorie.png in Resources */,
				67DB256819EC2F0D00A5AD3D /* Launch_ipad.storyboard in Resources */,
				67CB375D19CFF5730099830D /* step_rim.jpg in Resources */,
				67400ED119BFE78200F800B9 /* container_no.png in Resources */,
				67040C2A19D59E9700798A17 /* page4_center_I.png in Resources */,
				67400ECE19BFE78200F800B9 /* ball.png in Resources */,
				67400EAE19BFE78200F800B9 /* Device.storyboard in Resources */,
				67CE107319BFE6C400434A8D /* Images.xcassets in Resources */,
				67CB375C19CFF5730099830D /* step_ok.jpg in Resources */,
				67400ED419BFE78200F800B9 /* deviceimg.png in Resources */,
				67400EB919BFE78200F800B9 /* Ingredients.storyboard in Resources */,
				67400EF819BFE78200F800B9 /* UserCenter.storyboard in Resources */,
				67400ED519BFE78200F800B9 /* Coquette Regular.ttf in Resources */,
				67400ED619BFE78200F800B9 /* Stroke-Bold.otf in Resources */,
				67CB376019CFF5730099830D /* step_whip.jpg in Resources */,
				67DB255F19EC2F0000A5AD3D /* page1_center.png in Resources */,
				67A5DBC219E3F59500E77C2C /* alcohol.png in Resources */,
				671127CD19DC0ADE00292F02 /* sence_jfty.jpg in Resources */,
				67CB375519CFF5730099830D /* step_chill.jpg in Resources */,
				67DB257519EC301D00A5AD3D /* Common_ipad.storyboard in Resources */,
				67A3230719DB333B0051E101 /* sep_button.png in Resources */,
				67CB376119CFF5730099830D /* step_stir.jpg in Resources */,
				67040C2819D59E9700798A17 /* page3_center_I.png in Resources */,
				67400EDC19BFE78200F800B9 /* weibo.png in Resources */,
				67400EEA19BFE78200F800B9 /* star_on.png in Resources */,
				67CB375F19CFF5730099830D /* step_strain.jpg in Resources */,
				671127D119DC0ADE00292F02 /* sence_tmwx.jpg in Resources */,
				6755A12A19E921D4000AC8EF /* Main.storyboard in Resources */,
				678947B219D9B313005ECD34 /* Home.storyboard in Resources */,
				67CB375619CFF5730099830D /* step_double strain.jpg in Resources */,
				67CB376319CFFF4F0099830D /* stopwatch.png in Resources */,
				674BC4F719EE618500D1DA82 /* sence_mybar.jpg in Resources */,
				671127F319DC4C9900292F02 /* cocktailpro.sqlite in Resources */,
				67DB256319EC2F0000A5AD3D /* page3_center.png in Resources */,
				67CB375E19CFF5730099830D /* step_shake.jpg in Resources */,
				6736581119ECD30D00199581 /* Device_ipad.storyboard in Resources */,
				678743E519D8782E00EA6195 /* settings.png in Resources */,
				67400EEE19BFE78200F800B9 /* weightpanel.png in Resources */,
				6778EAD519C5E7290065D606 /* Heartyes.png in Resources */,
				67400ED819BFE78200F800B9 /* ingridient_no.png in Resources */,
				6755A12919E921D4000AC8EF /* Launch.storyboard in Resources */,
				6755A12C19E921D4000AC8EF /* smartmixer.entitlements in Resources */,
				671127CF19DC0ADE00292F02 /* sence_qbbz.jpg in Resources */,
				67EF987719D276780097CF80 /* page4_bg.jpg in Resources */,
				6778EAD419C5E7290065D606 /* Heartno.png in Resources */,
				67857AB819F0D09D00E1B9B5 /* page5_center_I.png in Resources */,
				67FBFA8419DE72D800A1F5D0 /* time-thumb.png in Resources */,
				67DB256519EC2F0000A5AD3D /* page4_center.png in Resources */,
				67400EDB19BFE78200F800B9 /* taobao.png in Resources */,
				67A5DBC019E3F4DF00E77C2C /* cook.png in Resources */,
				671127CB19DC0ADE00292F02 /* sence_djzd.jpg in Resources */,
				67400EE919BFE78200F800B9 /* star.png in Resources */,
				67CB375B19CFF5730099830D /* step_layer.jpg in Resources */,
				671127CA19DC0ADE00292F02 /* sence_bsjl.jpg in Resources */,
				67400EDF19BFE78200F800B9 /* plus.png in Resources */,
				67400EEC19BFE78200F800B9 /* user_on.png in Resources */,
				678743E119D8723300EA6195 /* delete.png in Resources */,
				67400ED219BFE78200F800B9 /* container_on.png in Resources */,
				678D912F19DBDFBF0026A810 /* Common.storyboard in Resources */,
				67A5DBBC19E3F06B00E77C2C /* coverd.png in Resources */,
				67CB375819CFF5730099830D /* step_drop.jpg in Resources */,
			);
			runOnlyForDeploymentPostprocessing = 0;
		};
		67CE107919BFE6C400434A8D /* Resources */ = {
			isa = PBXResourcesBuildPhase;
			buildActionMask = 2147483647;
			files = (
			);
			runOnlyForDeploymentPostprocessing = 0;
		};
/* End PBXResourcesBuildPhase section */

/* Begin PBXSourcesBuildPhase section */
		67CE106019BFE6C400434A8D /* Sources */ = {
			isa = PBXSourcesBuildPhase;
			buildActionMask = 2147483647;
			files = (
				6755A12719E921D4000AC8EF /* Baike.swift in Sources */,
				67400EB819BFE78200F800B9 /* IngredientDetail.swift in Sources */,
				67400E9919BFE78200F800B9 /* FilletButton.swift in Sources */,
				67400EBA19BFE78200F800B9 /* Ingredients.swift in Sources */,
				678A54D119C290C000AEE586 /* NumPickPanel.swift in Sources */,
				67400EB319BFE78200F800B9 /* WeightView.swift in Sources */,
				6755A12F19E921D4000AC8EF /* TabBarController.swift in Sources */,
				67763C7419C5FCF500391E2E /* RecipeDetailPhone.swift in Sources */,
				6798538D19EE45DA008F187A /* AboutViewPad.swift in Sources */,
				67400E9A19BFE78200F800B9 /* PopupView.swift in Sources */,
				671127ED19DC448500292F02 /* ManagedObjectContext.swift in Sources */,
				6755A12B19E921D4000AC8EF /* RootViewController.swift in Sources */,
				67400EAD19BFE78200F800B9 /* ConnectDevice.swift in Sources */,
				67B5A89D19EB749300167462 /* ioapi.c in Sources */,
				675F86D019CF241B0056F234 /* SegmentCell.swift in Sources */,
				67400EB619BFE78200F800B9 /* IngredientCollection.swift in Sources */,
				67B5A88E19EB740400167462 /* HTTPUpload.swift in Sources */,
				67400EB519BFE78200F800B9 /* IngredientCategory.swift in Sources */,
				671127E219DC439F00292F02 /* Category.swift in Sources */,
				678743DF19D86F4900EA6195 /* UserHome.swift in Sources */,
				671127DC19DC439F00292F02 /* Nutrients.swift in Sources */,
				67400EBC19BFE78200F800B9 /* IngredientThumb.swift in Sources */,
				67029C2819CE0A21001C425F /* SideMenuController.swift in Sources */,
				67400ECB19BFE78200F800B9 /* RecipesCollection.swift in Sources */,
				671127EA19DC439F00292F02 /* NutrientEntity.swift in Sources */,
				671127E619DC439F00292F02 /* History.swift in Sources */,
				6736580C19ECCDB200199581 /* RecipeDetailPad.swift in Sources */,
				67B5A88D19EB740400167462 /* HTTPTask.swift in Sources */,
				671127E419DC439F00292F02 /* Actions.swift in Sources */,
				675F86D219CF25010056F234 /* RecipeIngridients.swift in Sources */,
				67400E9B19BFE78200F800B9 /* RadiusImage.swift in Sources */,
				67400E9D19BFE78200F800B9 /* Stars.swift in Sources */,
				67C5968019EEC00B00EC43FE /* WelcomePlus.swift in Sources */,
				67400E9C19BFE78200F800B9 /* RadiusView.swift in Sources */,
				67400ECD19BFE78200F800B9 /* RecipeThumbail.swift in Sources */,
				67B5A89E19EB749300167462 /* mztools.c in Sources */,
				67400EF719BFE78200F800B9 /* AboutViewPhone.swift in Sources */,
				67B5A88C19EB740400167462 /* HTTPResponseSerializer.swift in Sources */,
				6755A12619E921D4000AC8EF /* AppDelegate.swift in Sources */,
				6755A13019E921D4000AC8EF /* Welcome.swift in Sources */,
				67029C2C19CE1059001C425F /* CategoryMenu.swift in Sources */,
				67B5A89F19EB749300167462 /* unzip.c in Sources */,
				67C5967C19EE997400EC43FE /* MyImagePicker.swift in Sources */,
				671127D619DC439E00292F02 /* Ingridient.swift in Sources */,
				678D913119DBE0400026A810 /* WebView.swift in Sources */,
				67400E9819BFE78200F800B9 /* extension.swift in Sources */,
				67400EC919BFE78200F800B9 /* Recipes.swift in Sources */,
				67FBFA8219DE6D7200A1F5D0 /* RecipeStep.swift in Sources */,
				672FC06F19E4E18200F503DD /* HomeDirectionSync.swift in Sources */,
				671127F119DC44A600292F02 /* smartmixer.xcdatamodeld in Sources */,
				67029C2E19CE2243001C425F /* CategoryCell.swift in Sources */,
				67DB257619EC301D00A5AD3D /* NumPickPad.swift in Sources */,
				678947B419D9B9ED005ECD34 /* Home.swift in Sources */,
				67400EAF19BFE78200F800B9 /* Device.swift in Sources */,
				67B5A8A419EB75EA00167462 /* ZipArchive.m in Sources */,
				67B5A8A019EB749300167462 /* zip.c in Sources */,
				67D4507619E16CD9002DC427 /* HistoryCell.swift in Sources */,
				671127E819DC439F00292F02 /* RecipeIngrdient.swift in Sources */,
				67400EF519BFE78200F800B9 /* AboutDetail.swift in Sources */,
				67D4507819E1AEB9002DC427 /* DataDAO.swift in Sources */,
				671127DE19DC439F00292F02 /* Container.swift in Sources */,
				671127D819DC439F00292F02 /* Unit.swift in Sources */,
				671127F719DC588E00292F02 /* ContainerDetail.swift in Sources */,
				67B5A88B19EB740400167462 /* HTTPRequestSerializer.swift in Sources */,
				67400ECC19BFE78200F800B9 /* RecipesSearch.swift in Sources */,
				67FBFA8019DE6D7100A1F5D0 /* Recipe.swift in Sources */,
			);
			runOnlyForDeploymentPostprocessing = 0;
		};
		67CE107719BFE6C400434A8D /* Sources */ = {
			isa = PBXSourcesBuildPhase;
			buildActionMask = 2147483647;
			files = (
				67CE108219BFE6C400434A8D /* smartmixerTests.swift in Sources */,
			);
			runOnlyForDeploymentPostprocessing = 0;
		};
/* End PBXSourcesBuildPhase section */

/* Begin PBXTargetDependency section */
		67CE107D19BFE6C400434A8D /* PBXTargetDependency */ = {
			isa = PBXTargetDependency;
			target = 67CE106319BFE6C400434A8D /* smartmixer */;
			targetProxy = 67CE107C19BFE6C400434A8D /* PBXContainerItemProxy */;
		};
/* End PBXTargetDependency section */

/* Begin XCBuildConfiguration section */
		67CE108319BFE6C400434A8D /* Debug */ = {
			isa = XCBuildConfiguration;
			buildSettings = {
				ALWAYS_SEARCH_USER_PATHS = NO;
				CLANG_CXX_LANGUAGE_STANDARD = "gnu++0x";
				CLANG_CXX_LIBRARY = "libc++";
				CLANG_ENABLE_MODULES = YES;
				CLANG_ENABLE_OBJC_ARC = YES;
				CLANG_WARN_BOOL_CONVERSION = YES;
				CLANG_WARN_CONSTANT_CONVERSION = YES;
				CLANG_WARN_DIRECT_OBJC_ISA_USAGE = YES_ERROR;
				CLANG_WARN_EMPTY_BODY = YES;
				CLANG_WARN_ENUM_CONVERSION = YES;
				CLANG_WARN_INT_CONVERSION = YES;
				CLANG_WARN_OBJC_ROOT_CLASS = YES_ERROR;
				CLANG_WARN_UNREACHABLE_CODE = YES;
				CLANG_WARN__DUPLICATE_METHOD_MATCH = YES;
				"CODE_SIGN_IDENTITY[sdk=iphoneos*]" = "iPhone Developer";
				COPY_PHASE_STRIP = NO;
				ENABLE_STRICT_OBJC_MSGSEND = YES;
				GCC_C_LANGUAGE_STANDARD = gnu99;
				GCC_DYNAMIC_NO_PIC = NO;
				GCC_OPTIMIZATION_LEVEL = 0;
				GCC_PREPROCESSOR_DEFINITIONS = (
					"DEBUG=1",
					"$(inherited)",
				);
				GCC_SYMBOLS_PRIVATE_EXTERN = NO;
				GCC_WARN_64_TO_32_BIT_CONVERSION = YES;
				GCC_WARN_ABOUT_RETURN_TYPE = YES_ERROR;
				GCC_WARN_UNDECLARED_SELECTOR = YES;
				GCC_WARN_UNINITIALIZED_AUTOS = YES_AGGRESSIVE;
				GCC_WARN_UNUSED_FUNCTION = YES;
				GCC_WARN_UNUSED_VARIABLE = YES;
				IPHONEOS_DEPLOYMENT_TARGET = 7.0;
				MTL_ENABLE_DEBUG_INFO = YES;
				ONLY_ACTIVE_ARCH = YES;
				PRODUCT_NAME = "鸡尾酒 Pro";
				SDKROOT = iphoneos;
				SWIFT_OPTIMIZATION_LEVEL = "-Onone";
				TARGETED_DEVICE_FAMILY = "1,2";
			};
			name = Debug;
		};
		67CE108419BFE6C400434A8D /* Release */ = {
			isa = XCBuildConfiguration;
			buildSettings = {
				ALWAYS_SEARCH_USER_PATHS = NO;
				CLANG_CXX_LANGUAGE_STANDARD = "gnu++0x";
				CLANG_CXX_LIBRARY = "libc++";
				CLANG_ENABLE_MODULES = YES;
				CLANG_ENABLE_OBJC_ARC = YES;
				CLANG_WARN_BOOL_CONVERSION = YES;
				CLANG_WARN_CONSTANT_CONVERSION = YES;
				CLANG_WARN_DIRECT_OBJC_ISA_USAGE = YES_ERROR;
				CLANG_WARN_EMPTY_BODY = YES;
				CLANG_WARN_ENUM_CONVERSION = YES;
				CLANG_WARN_INT_CONVERSION = YES;
				CLANG_WARN_OBJC_ROOT_CLASS = YES_ERROR;
				CLANG_WARN_UNREACHABLE_CODE = YES;
				CLANG_WARN__DUPLICATE_METHOD_MATCH = YES;
				"CODE_SIGN_IDENTITY[sdk=iphoneos*]" = "iPhone Developer";
				COPY_PHASE_STRIP = YES;
				ENABLE_NS_ASSERTIONS = NO;
				ENABLE_STRICT_OBJC_MSGSEND = YES;
				GCC_C_LANGUAGE_STANDARD = gnu99;
				GCC_WARN_64_TO_32_BIT_CONVERSION = YES;
				GCC_WARN_ABOUT_RETURN_TYPE = YES_ERROR;
				GCC_WARN_UNDECLARED_SELECTOR = YES;
				GCC_WARN_UNINITIALIZED_AUTOS = YES_AGGRESSIVE;
				GCC_WARN_UNUSED_FUNCTION = YES;
				GCC_WARN_UNUSED_VARIABLE = YES;
				IPHONEOS_DEPLOYMENT_TARGET = 7.0;
				MTL_ENABLE_DEBUG_INFO = NO;
				PRODUCT_NAME = "鸡尾酒 Pro";
				SDKROOT = iphoneos;
				TARGETED_DEVICE_FAMILY = "1,2";
				VALIDATE_PRODUCT = YES;
			};
			name = Release;
		};
		67CE108619BFE6C400434A8D /* Debug */ = {
			isa = XCBuildConfiguration;
			buildSettings = {
				ASSETCATALOG_COMPILER_APPICON_NAME = AppIcon;
				ASSETCATALOG_COMPILER_LAUNCHIMAGE_NAME = LaunchImage;
				CLANG_ENABLE_OBJC_ARC = NO;
				CODE_SIGN_IDENTITY = "iPhone Developer";
				"CODE_SIGN_IDENTITY[sdk=iphoneos*]" = "iPhone Developer";
				EMBEDDED_CONTENT_CONTAINS_SWIFT = NO;
				FRAMEWORK_SEARCH_PATHS = (
					"$(inherited)",
					"@executable_path/Frameworks",
					"$(USER_LIBRARY_DIR)/Developer/Xcode/DerivedData/CocktailPro-hjethycbvtlecreyfdremukxgbmr/Build/Products/Debug-iphoneos",
				);
				INFOPLIST_FILE = smartmixer/Info.plist;
				IPHONEOS_DEPLOYMENT_TARGET = 7.0;
				LD_RUNPATH_SEARCH_PATHS = "$(inherited) @executable_path/Frameworks";
				PRODUCT_NAME = "$(TARGET_NAME)";
				PROVISIONING_PROFILE = "";
				SWIFT_INCLUDE_PATHS = "";
				SWIFT_OBJC_BRIDGING_HEADER = "smartmixer/Addin/smartmixer-Bridging-Header.h";
				TARGETED_DEVICE_FAMILY = "1,2";
			};
			name = Debug;
		};
		67CE108719BFE6C400434A8D /* Release */ = {
			isa = XCBuildConfiguration;
			buildSettings = {
				ASSETCATALOG_COMPILER_APPICON_NAME = AppIcon;
				ASSETCATALOG_COMPILER_LAUNCHIMAGE_NAME = LaunchImage;
				CLANG_ENABLE_OBJC_ARC = NO;
				CODE_SIGN_IDENTITY = "iPhone Developer";
				"CODE_SIGN_IDENTITY[sdk=iphoneos*]" = "iPhone Developer";
				EMBEDDED_CONTENT_CONTAINS_SWIFT = NO;
				FRAMEWORK_SEARCH_PATHS = (
					"$(inherited)",
					"@executable_path/Frameworks",
					"$(USER_LIBRARY_DIR)/Developer/Xcode/DerivedData/CocktailPro-hjethycbvtlecreyfdremukxgbmr/Build/Products/Debug-iphoneos",
				);
				INFOPLIST_FILE = smartmixer/Info.plist;
				IPHONEOS_DEPLOYMENT_TARGET = 7.0;
				LD_RUNPATH_SEARCH_PATHS = "$(inherited) @executable_path/Frameworks";
				PRODUCT_NAME = "$(TARGET_NAME)";
				PROVISIONING_PROFILE = "";
				SWIFT_INCLUDE_PATHS = "";
				SWIFT_OBJC_BRIDGING_HEADER = "smartmixer/Addin/smartmixer-Bridging-Header.h";
				TARGETED_DEVICE_FAMILY = "1,2";
			};
			name = Release;
		};
		67CE108919BFE6C400434A8D /* Debug */ = {
			isa = XCBuildConfiguration;
			buildSettings = {
				BUNDLE_LOADER = "$(TEST_HOST)";
				FRAMEWORK_SEARCH_PATHS = (
					"$(SDKROOT)/Developer/Library/Frameworks",
					"$(inherited)",
				);
				GCC_PREPROCESSOR_DEFINITIONS = (
					"DEBUG=1",
					"$(inherited)",
				);
				INFOPLIST_FILE = smartmixerTests/Info.plist;
				LD_RUNPATH_SEARCH_PATHS = "$(inherited) @executable_path/Frameworks @loader_path/Frameworks";
				PRODUCT_NAME = "$(TARGET_NAME)";
				TEST_HOST = "$(BUILT_PRODUCTS_DIR)/smartmixer.app/smartmixer";
			};
			name = Debug;
		};
		67CE108A19BFE6C400434A8D /* Release */ = {
			isa = XCBuildConfiguration;
			buildSettings = {
				BUNDLE_LOADER = "$(TEST_HOST)";
				FRAMEWORK_SEARCH_PATHS = (
					"$(SDKROOT)/Developer/Library/Frameworks",
					"$(inherited)",
				);
				INFOPLIST_FILE = smartmixerTests/Info.plist;
				LD_RUNPATH_SEARCH_PATHS = "$(inherited) @executable_path/Frameworks @loader_path/Frameworks";
				PRODUCT_NAME = "$(TARGET_NAME)";
				TEST_HOST = "$(BUILT_PRODUCTS_DIR)/smartmixer.app/smartmixer";
			};
			name = Release;
		};
/* End XCBuildConfiguration section */

/* Begin XCConfigurationList section */
		67CE105F19BFE6C400434A8D /* Build configuration list for PBXProject "smartmixer" */ = {
			isa = XCConfigurationList;
			buildConfigurations = (
				67CE108319BFE6C400434A8D /* Debug */,
				67CE108419BFE6C400434A8D /* Release */,
			);
			defaultConfigurationIsVisible = 0;
			defaultConfigurationName = Release;
		};
		67CE108519BFE6C400434A8D /* Build configuration list for PBXNativeTarget "smartmixer" */ = {
			isa = XCConfigurationList;
			buildConfigurations = (
				67CE108619BFE6C400434A8D /* Debug */,
				67CE108719BFE6C400434A8D /* Release */,
			);
			defaultConfigurationIsVisible = 0;
			defaultConfigurationName = Release;
		};
		67CE108819BFE6C400434A8D /* Build configuration list for PBXNativeTarget "smartmixerTests" */ = {
			isa = XCConfigurationList;
			buildConfigurations = (
				67CE108919BFE6C400434A8D /* Debug */,
				67CE108A19BFE6C400434A8D /* Release */,
			);
			defaultConfigurationIsVisible = 0;
			defaultConfigurationName = Release;
		};
/* End XCConfigurationList section */

/* Begin XCVersionGroup section */
		671127EE19DC44A600292F02 /* smartmixer.xcdatamodeld */ = {
			isa = XCVersionGroup;
			children = (
				671127EF19DC44A600292F02 /* CocktailPro.xcdatamodel */,
				671127F019DC44A600292F02 /* smartmixer.xcdatamodel */,
			);
			currentVersion = 671127EF19DC44A600292F02 /* CocktailPro.xcdatamodel */;
			name = smartmixer.xcdatamodeld;
			path = DataCore/smartmixer.xcdatamodeld;
			sourceTree = "<group>";
			versionGroupType = wrapper.xcdatamodel;
		};
/* End XCVersionGroup section */
	};
	rootObject = 67CE105C19BFE6C400434A8D /* Project object */;
}
